{
  "version": 4,
  "terraform_version": "1.9.1",
  "serial": 10,
  "lineage": "3d0e8006-f705-755a-27cf-c7c6a2bdf824",
  "outputs": {},
  "resources": [
    {
      "module": "module.alb",
      "mode": "managed",
      "type": "aws_lb_target_group",
      "name": "wp-tg",
      "provider": "provider[\"registry.terraform.io/hashicorp/aws\"]",
      "instances": [
        {
          "schema_version": 0,
          "attributes": {
            "arn": "arn:aws:elasticloadbalancing:us-east-1:014498645423:targetgroup/wordpress-lb-tg/2645ce3dacd5eda5",
            "arn_suffix": "targetgroup/wordpress-lb-tg/2645ce3dacd5eda5",
            "connection_termination": null,
            "deregistration_delay": "300",
            "health_check": [
              {
                "enabled": true,
                "healthy_threshold": 2,
                "interval": 30,
                "matcher": "200",
                "path": "/health.php",
                "port": "traffic-port",
                "protocol": "HTTP",
                "timeout": 5,
                "unhealthy_threshold": 10
              }
            ],
            "id": "arn:aws:elasticloadbalancing:us-east-1:014498645423:targetgroup/wordpress-lb-tg/2645ce3dacd5eda5",
            "ip_address_type": "ipv4",
            "lambda_multi_value_headers_enabled": false,
            "load_balancer_arns": [
              "arn:aws:elasticloadbalancing:us-east-1:014498645423:loadbalancer/app/wordpress-alb/2f3b5f56d2ce200f"
            ],
            "load_balancing_algorithm_type": "round_robin",
            "load_balancing_anomaly_mitigation": "off",
            "load_balancing_cross_zone_enabled": "use_load_balancer_configuration",
            "name": "wordpress-lb-tg",
            "name_prefix": "",
            "port": 80,
            "preserve_client_ip": null,
            "protocol": "HTTP",
            "protocol_version": "HTTP1",
            "proxy_protocol_v2": false,
            "slow_start": 0,
            "stickiness": [
              {
                "cookie_duration": 86400,
                "cookie_name": "",
                "enabled": false,
                "type": "lb_cookie"
              }
            ],
            "tags": {
              "Name": "wordpress"
            },
            "tags_all": {
              "Name": "wordpress"
            },
            "target_failover": [
              {
                "on_deregistration": null,
                "on_unhealthy": null
              }
            ],
            "target_group_health": [
              {
                "dns_failover": [
                  {
                    "minimum_healthy_targets_count": "1",
                    "minimum_healthy_targets_percentage": "off"
                  }
                ],
                "unhealthy_state_routing": [
                  {
                    "minimum_healthy_targets_count": 1,
                    "minimum_healthy_targets_percentage": "off"
                  }
                ]
              }
            ],
            "target_health_state": [
              {
                "enable_unhealthy_connection_termination": null,
                "unhealthy_draining_interval": null
              }
            ],
            "target_type": "instance",
            "vpc_id": "vpc-01e81d2ae80579902"
          },
          "sensitive_attributes": [],
          "private": "bnVsbA==",
          "dependencies": [
            "module.vpc.aws_vpc.main"
          ]
        }
      ]
    },
    {
      "module": "module.asg",
      "mode": "data",
      "type": "aws_ami",
      "name": "ubuntu",
      "provider": "provider[\"registry.terraform.io/hashicorp/aws\"]",
      "instances": [
        {
          "schema_version": 0,
          "attributes": {
            "architecture": "x86_64",
            "arn": "arn:aws:ec2:us-east-1::image/ami-08353a303889d045d",
            "block_device_mappings": [
              {
                "device_name": "/dev/sda1",
                "ebs": {
                  "delete_on_termination": "true",
                  "encrypted": "false",
                  "iops": "0",
                  "snapshot_id": "snap-0fbbc77e9365fe48f",
                  "throughput": "0",
                  "volume_size": "8",
                  "volume_type": "gp2"
                },
                "no_device": "",
                "virtual_name": ""
              },
              {
                "device_name": "/dev/sdb",
                "ebs": {},
                "no_device": "",
                "virtual_name": "ephemeral0"
              },
              {
                "device_name": "/dev/sdc",
                "ebs": {},
                "no_device": "",
                "virtual_name": "ephemeral1"
              }
            ],
            "boot_mode": "uefi-preferred",
            "creation_date": "2025-01-08T17:04:32.000Z",
            "deprecation_time": "2027-01-08T17:04:32.000Z",
            "description": "Canonical, Ubuntu, 22.04, amd64 jammy image",
            "ena_support": true,
            "executable_users": null,
            "filter": [
              {
                "name": "name",
                "values": [
                  "ubuntu/images/hvm-ssd/ubuntu-jammy-22.04-amd64-server-*"
                ]
              },
              {
                "name": "root-device-type",
                "values": [
                  "ebs"
                ]
              },
              {
                "name": "virtualization-type",
                "values": [
                  "hvm"
                ]
              }
            ],
            "hypervisor": "xen",
            "id": "ami-08353a303889d045d",
            "image_id": "ami-08353a303889d045d",
            "image_location": "amazon/ubuntu/images/hvm-ssd/ubuntu-jammy-22.04-amd64-server-20250108",
            "image_owner_alias": "amazon",
            "image_type": "machine",
            "imds_support": "",
            "include_deprecated": false,
            "kernel_id": "",
            "most_recent": true,
            "name": "ubuntu/images/hvm-ssd/ubuntu-jammy-22.04-amd64-server-20250108",
            "name_regex": null,
            "owner_id": "099720109477",
            "owners": [
              "099720109477"
            ],
            "platform": "",
            "platform_details": "Linux/UNIX",
            "product_codes": [],
            "public": true,
            "ramdisk_id": "",
            "root_device_name": "/dev/sda1",
            "root_device_type": "ebs",
            "root_snapshot_id": "snap-0fbbc77e9365fe48f",
            "sriov_net_support": "simple",
            "state": "available",
            "state_reason": {
              "code": "UNSET",
              "message": "UNSET"
            },
            "tags": {},
            "timeouts": null,
            "tpm_support": "",
            "usage_operation": "RunInstances",
            "virtualization_type": "hvm"
          },
          "sensitive_attributes": []
        }
      ]
    },
    {
      "module": "module.asg",
      "mode": "managed",
      "type": "aws_iam_instance_profile",
      "name": "ec2_profile",
      "provider": "provider[\"registry.terraform.io/hashicorp/aws\"]",
      "instances": [
        {
          "schema_version": 0,
          "attributes": {
            "arn": "arn:aws:iam::014498645423:instance-profile/wordpress_profile_for_ssm_access",
            "create_date": "2025-01-08T20:15:43Z",
            "id": "wordpress_profile_for_ssm_access",
            "name": "wordpress_profile_for_ssm_access",
            "name_prefix": "",
            "path": "/",
            "role": "wordpress_role_for_ssm_access",
            "tags": {},
            "tags_all": {},
            "unique_id": "AIPAQGYBPYWXUDWYDE4PB"
          },
          "sensitive_attributes": [],
          "private": "bnVsbA==",
          "dependencies": [
            "module.asg.aws_iam_role.wordpress_ec2_role"
          ]
        }
      ]
    },
    {
      "module": "module.asg",
      "mode": "managed",
      "type": "aws_iam_role",
      "name": "wordpress_ec2_role",
      "provider": "provider[\"registry.terraform.io/hashicorp/aws\"]",
      "instances": [
        {
          "schema_version": 0,
          "attributes": {
            "arn": "arn:aws:iam::014498645423:role/wordpress_role_for_ssm_access",
            "assume_role_policy": "{\"Statement\":[{\"Action\":\"sts:AssumeRole\",\"Effect\":\"Allow\",\"Principal\":{\"Service\":\"ec2.amazonaws.com\"}}],\"Version\":\"2012-10-17\"}",
            "create_date": "2025-01-08T20:15:41Z",
            "description": "",
            "force_detach_policies": false,
            "id": "wordpress_role_for_ssm_access",
            "inline_policy": [],
            "managed_policy_arns": [
              "arn:aws:iam::aws:policy/AmazonSSMReadOnlyAccess"
            ],
            "max_session_duration": 3600,
            "name": "wordpress_role_for_ssm_access",
            "name_prefix": "",
            "path": "/",
            "permissions_boundary": "",
            "tags": {},
            "tags_all": {},
            "unique_id": "AROAQGYBPYWXYHXXHEXTK"
          },
          "sensitive_attributes": [],
          "private": "bnVsbA=="
        }
      ]
    },
    {
      "module": "module.asg",
      "mode": "managed",
      "type": "aws_launch_template",
      "name": "bastion-lanch_template",
      "provider": "provider[\"registry.terraform.io/hashicorp/aws\"]",
      "instances": [
        {
          "schema_version": 0,
          "attributes": {
            "arn": "arn:aws:ec2:us-east-1:014498645423:launch-template/lt-025226684ab5650c4",
            "block_device_mappings": [
              {
                "device_name": "/dev/sda1",
                "ebs": [
                  {
                    "delete_on_termination": "",
                    "encrypted": "",
                    "iops": 0,
                    "kms_key_id": "",
                    "snapshot_id": "",
                    "throughput": 0,
                    "volume_size": 20,
                    "volume_type": "gp2"
                  }
                ],
                "no_device": "",
                "virtual_name": ""
              }
            ],
            "capacity_reservation_specification": [],
            "cpu_options": [],
            "credit_specification": [],
            "default_version": 1,
            "description": "",
            "disable_api_stop": false,
            "disable_api_termination": false,
            "ebs_optimized": "",
            "elastic_gpu_specifications": [],
            "elastic_inference_accelerator": [],
            "enclave_options": [],
            "hibernation_options": [],
            "iam_instance_profile": [],
            "id": "lt-025226684ab5650c4",
            "image_id": "ami-08353a303889d045d",
            "instance_initiated_shutdown_behavior": "terminate",
            "instance_market_options": [],
            "instance_requirements": [],
            "instance_type": "t2.micro",
            "kernel_id": "",
            "key_name": "wp-key",
            "latest_version": 1,
            "license_specification": [],
            "maintenance_options": [],
            "metadata_options": [],
            "monitoring": [
              {
                "enabled": true
              }
            ],
            "name": "WordPress-Bastion",
            "name_prefix": "",
            "network_interfaces": [],
            "placement": [
              {
                "affinity": "",
                "availability_zone": "us-east-1a",
                "group_name": "",
                "host_id": "",
                "host_resource_group_arn": "",
                "partition_number": 0,
                "spread_domain": "",
                "tenancy": ""
              }
            ],
            "private_dns_name_options": [],
            "ram_disk_id": "",
            "security_group_names": [],
            "tag_specifications": [
              {
                "resource_type": "instance",
                "tags": {
                  "Name": "bastion-server"
                }
              }
            ],
            "tags": {},
            "tags_all": {},
            "update_default_version": null,
            "user_data": "IyEvYmluL2Jhc2gNCg0Kc3VkbyBhcHQgdXBkYXRlIC15DQpzdWRvIGFwdCBpbnN0YWxsIGFwYWNoZTINCnN1ZG8gc3lzdGVtY3RsIHN0YXJ0IGFwYWNoZTINCnN1ZG8gc3lzdGVtY3RsIGVuYWJsZSBhcGFjaGUyDQplY2hvICI8aDE+IEhlbGxvIFdvcmxkIDwvaDE+IiANCg0K",
            "vpc_security_group_ids": [
              "sg-0ede41973d2823e27"
            ]
          },
          "sensitive_attributes": [],
          "private": "bnVsbA==",
          "dependencies": [
            "module.asg.data.aws_ami.ubuntu",
            "module.networking.aws_security_group.ssh-sg",
            "module.vpc.aws_vpc.main"
          ]
        }
      ]
    },
    {
      "module": "module.asg",
      "mode": "managed",
      "type": "aws_launch_template",
      "name": "wp-lanch_template",
      "provider": "provider[\"registry.terraform.io/hashicorp/aws\"]",
      "instances": [
        {
          "schema_version": 0,
          "attributes": {
            "arn": "arn:aws:ec2:us-east-1:014498645423:launch-template/lt-06e5268dc1c322350",
            "block_device_mappings": [
              {
                "device_name": "/dev/sda1",
                "ebs": [
                  {
                    "delete_on_termination": "",
                    "encrypted": "",
                    "iops": 0,
                    "kms_key_id": "",
                    "snapshot_id": "",
                    "throughput": 0,
                    "volume_size": 30,
                    "volume_type": "gp2"
                  }
                ],
                "no_device": "",
                "virtual_name": ""
              }
            ],
            "capacity_reservation_specification": [],
            "cpu_options": [],
            "credit_specification": [],
            "default_version": 1,
            "description": "",
            "disable_api_stop": false,
            "disable_api_termination": false,
            "ebs_optimized": "",
            "elastic_gpu_specifications": [],
            "elastic_inference_accelerator": [],
            "enclave_options": [],
            "hibernation_options": [],
            "iam_instance_profile": [
              {
                "arn": "",
                "name": "wordpress_profile_for_ssm_access"
              }
            ],
            "id": "lt-06e5268dc1c322350",
            "image_id": "ami-08353a303889d045d",
            "instance_initiated_shutdown_behavior": "",
            "instance_market_options": [],
            "instance_requirements": [],
            "instance_type": "t2.small",
            "kernel_id": "",
            "key_name": "wp-key",
            "latest_version": 1,
            "license_specification": [],
            "maintenance_options": [],
            "metadata_options": [],
            "monitoring": [
              {
                "enabled": true
              }
            ],
            "name": "wordpress-asg20250108201317988600000007",
            "name_prefix": "wordpress-asg",
            "network_interfaces": [],
            "placement": [
              {
                "affinity": "",
                "availability_zone": "us-east-1a",
                "group_name": "",
                "host_id": "",
                "host_resource_group_arn": "",
                "partition_number": 0,
                "spread_domain": "",
                "tenancy": ""
              }
            ],
            "private_dns_name_options": [],
            "ram_disk_id": "",
            "security_group_names": [],
            "tag_specifications": [
              {
                "resource_type": "instance",
                "tags": {
                  "Name": "wordpress-server"
                }
              }
            ],
            "tags": {},
            "tags_all": {},
            "update_default_version": null,
            "user_data": "IyEvYmluL2Jhc2gNCg0KIyBGdW5jdGlvbiB0byBsb2cgbWVzc2FnZXMNCmxvZ19tZXNzYWdlKCkgew0KICAgIGVjaG8gIlskKGRhdGUgJyslWS0lbS0lZCAlSDolTTolUycpXSAkMSIgfCB0ZWUgLWEgL3RtcC93b3JkcHJlc3NfaW5zdGFsbF9sb2cudHh0DQp9DQoNCmxvZ19tZXNzYWdlICJTdGFydGluZyBXb3JkUHJlc3MgaW5zdGFsbGF0aW9uIHNjcmlwdCINCg0KIyBJbnN0YWxsIFRlcnJhZm9ybQ0KbG9nX21lc3NhZ2UgIkluc3RhbGxpbmcgVGVycmFmb3JtIg0Kc3VkbyBhcHQtZ2V0IHVwZGF0ZSAteQ0Kc3VkbyBhcHQtZ2V0IGluc3RhbGwgLXkgd2dldCB1bnppcA0Kd2dldCBodHRwczovL3JlbGVhc2VzLmhhc2hpY29ycC5jb20vdGVycmFmb3JtLzEuMC4wL3RlcnJhZm9ybV8xLjAuMF9saW51eF9hbWQ2NC56aXANCnN1ZG8gdW56aXAgdGVycmFmb3JtXzEuMC4wX2xpbnV4X2FtZDY0LnppcCAtZCAvdXNyL2xvY2FsL2Jpbi8NCnN1ZG8gY2htb2QgK3ggL3Vzci9sb2NhbC9iaW4vdGVycmFmb3JtDQpsb2dfbWVzc2FnZSAiVGVycmFmb3JtIGluc3RhbGxlZCINCg0KIyBDb250aW51ZSB3aXRoIFdvcmRQcmVzcyBpbnN0YWxsYXRpb24NCnN1ZG8gYXB0LWdldCBpbnN0YWxsIC15IG15c3FsLWNsaWVudCBhcGFjaGUyIHBocCBsaWJhcGFjaGUyLW1vZC1waHAgcGhwLW15c3FsIHBocC1jdXJsIHBocC1nZCBwaHAtbWJzdHJpbmcgcGhwLXhtbCBwaHAteG1scnBjIHBocC1zb2FwIHBocC1pbnRsIHBocC16aXANCmxvZ19tZXNzYWdlICJJbnN0YWxsZWQgcmVxdWlyZWQgcGFja2FnZXMiDQoNClJEU19FTkRQT0lOVD0kKHRlcnJhZm9ybSBvdXRwdXQgLXJhdyByZHNfZW5kcG9pbnQpDQpsb2dfbWVzc2FnZSAiUkRTIEVuZHBvaW50OiAkUkRTX0VORFBPSU5UIg0KDQpleHBvcnQgTVlTUUxfSE9TVD0kUkRTX0VORFBPSU5UDQpleHBvcnQgTVlTUUxfVVNFUj0iYWRtaW4iDQpleHBvcnQgTVlTUUxfUEFTU1dPUkQ9ImFkbWluMTIzIg0KZXhwb3J0IE1ZU1FMX0RBVEFCQVNFPSJ3b3JkcHJlc3NEQiINCg0KbXlzcWwgLWggJE1ZU1FMX0hPU1QgLXUgJE1ZU1FMX1VTRVIgLXAkTVlTUUxfUEFTU1dPUkQgPDxNWVNRTF9TQ1JJUFQNCkNSRUFURSBEQVRBQkFTRSBJRiBOT1QgRVhJU1RTICR7TVlTUUxfREFUQUJBU0V9Ow0KQ1JFQVRFIFVTRVIgSUYgTk9UIEVYSVNUUyAnJHtNWVNRTF9VU0VSfSdAJyUnIElERU5USUZJRUQgQlkgJyR7TVlTUUxfUEFTU1dPUkR9JzsNCkdSQU5UIEFMTCBQUklWSUxFR0VTIE9OICR7TVlTUUxfREFUQUJBU0V9LiogVE8gJyR7TVlTUUxfVVNFUn0nQCclJzsNCkZMVVNIIFBSSVZJTEVHRVM7DQpFWElUOw0KTVlTUUxfU0NSSVBUDQpsb2dfbWVzc2FnZSAiRGF0YWJhc2Ugc2V0dXAgY29tcGxldGVkIg0KDQpzdWRvIHN5c3RlbWN0bCBzdGFydCBhcGFjaGUyDQpzdWRvIHN5c3RlbWN0bCBlbmFibGUgYXBhY2hlMg0KbG9nX21lc3NhZ2UgIkFwYWNoZTIgc3RhcnRlZCBhbmQgZW5hYmxlZCINCg0KY2QgL3RtcA0Kc3VkbyB3Z2V0IGh0dHBzOi8vd29yZHByZXNzLm9yZy9sYXRlc3QudGFyLmd6DQpzdWRvIHRhciB4emYgbGF0ZXN0LnRhci5neg0Kc3VkbyByc3luYyAtYXZQIC90bXAvd29yZHByZXNzLyAvdmFyL3d3dy9odG1sLw0KbG9nX21lc3NhZ2UgIldvcmRQcmVzcyBmaWxlcyBjb3BpZWQgdG8gL3Zhci93d3cvaHRtbC8iDQoNCnN1ZG8gcm0gLWYgL3Zhci93d3cvaHRtbC9pbmRleC5odG1sDQoNCmNkIC92YXIvd3d3L2h0bWwvDQpzdWRvIGNwIHdwLWNvbmZpZy1zYW1wbGUucGhwIHdwLWNvbmZpZy5waHANCg0KIyBVcGRhdGUgZGF0YWJhc2Ugc2V0dGluZ3MNCnN1ZG8gc2VkIC1pICJzL2RhdGFiYXNlX25hbWVfaGVyZS8ke01ZU1FMX0RBVEFCQVNFfS8iIHdwLWNvbmZpZy5waHANCnN1ZG8gc2VkIC1pICJzL3VzZXJuYW1lX2hlcmUvJHtNWVNRTF9VU0VSfS8iIHdwLWNvbmZpZy5waHANCnN1ZG8gc2VkIC1pICJzL3Bhc3N3b3JkX2hlcmUvJHtNWVNRTF9QQVNTV09SRH0vIiB3cC1jb25maWcucGhwDQpzdWRvIHNlZCAtaSAicy8nbG9jYWxob3N0Jy8nJHtNWVNRTF9IT1NUfScvIiB3cC1jb25maWcucGhwDQoNCiMgVmVyaWZ5IHRoZSBjaGFuZ2VzDQpsb2dfbWVzc2FnZSAiVmVyaWZ5aW5nIHdwLWNvbmZpZy5waHAgY2hhbmdlczoiDQpncmVwIERCX05BTUUgd3AtY29uZmlnLnBocA0KZ3JlcCBEQl9VU0VSIHdwLWNvbmZpZy5waHANCmdyZXAgREJfUEFTU1dPUkQgd3AtY29uZmlnLnBocA0KZ3JlcCBEQl9IT1NUIHdwLWNvbmZpZy5waHANCg0KIyBJZiB0aGUgREJfSE9TVCBpcyBzdGlsbCBub3QgdXBkYXRlZCwgdHJ5IGFuIGFsdGVybmF0aXZlIGFwcHJvYWNoDQppZiBncmVwIC1xICInbG9jYWxob3N0JyIgd3AtY29uZmlnLnBocDsgdGhlbg0KICAgIGxvZ19tZXNzYWdlICJEQl9IT1NUIG5vdCB1cGRhdGVkLiBUcnlpbmcgYWx0ZXJuYXRpdmUgbWV0aG9kLiINCiAgICBzdWRvIHNlZCAtaSAiL0RCX0hPU1Qvcy8nW14nXSonLycke01ZU1FMX0hPU1R9Jy8iIHdwLWNvbmZpZy5waHANCiAgICBncmVwIERCX0hPU1Qgd3AtY29uZmlnLnBocA0KZmkNCg0KbG9nX21lc3NhZ2UgIndwLWNvbmZpZy5waHAgY29uZmlndXJlZCBhbmQgdmVyaWZpZWQiDQoNCnN1ZG8gY3VybCAtcyBodHRwczovL2FwaS53b3JkcHJlc3Mub3JnL3NlY3JldC1rZXkvMS4xL3NhbHQvIHwgc3VkbyB0ZWUgLWEgd3AtY29uZmlnLnBocA0KbG9nX21lc3NhZ2UgIldvcmRQcmVzcyBzYWx0cyBhZGRlZCB0byB3cC1jb25maWcucGhwIg0KDQpjYXQgPDxFT0YgfCBzdWRvIHRlZSAvdmFyL3d3dy9odG1sL2hlYWx0aC5waHANCjw/cGhwDQpcJGNvbm4gPSBuZXcgbXlzcWxpKCcke01ZU1FMX0hPU1R9JywgJyR7TVlTUUxfVVNFUn0nLCAnJHtNWVNRTF9QQVNTV09SRH0nLCAnJHtNWVNRTF9EQVRBQkFTRX0nKTsNCmlmIChcJGNvbm4tPmNvbm5lY3RfZXJyb3IpIHsNCiAgICBoZWFkZXIoIkhUVFAvMS4xIDUwMCBJbnRlcm5hbCBTZXJ2ZXIgRXJyb3IiKTsNCiAgICBlY2hvICJEYXRhYmFzZSBjb25uZWN0aW9uIGZhaWxlZDogIiAuIFwkY29ubi0+Y29ubmVjdF9lcnJvcjsNCn0gZWxzZSB7DQogICAgZWNobyAiT0siOw0KfQ0KXCRjb25uLT5jbG9zZSgpOw0KPz4NCkVPRg0KbG9nX21lc3NhZ2UgIkhlYWx0aCBjaGVjayBwYWdlIGNyZWF0ZWQiDQoNCnN1ZG8gY2hvd24gLVIgd3d3LWRhdGE6d3d3LWRhdGEgL3Zhci93d3cvaHRtbC8NCnN1ZG8gZmluZCAvdmFyL3d3dy9odG1sIC10eXBlIGQgLWV4ZWMgY2htb2QgNzU1IHt9IFw7DQpzdWRvIGZpbmQgL3Zhci93d3cvaHRtbCAtdHlwZSBmIC1leGVjIGNobW9kIDY0NCB7fSBcOw0KbG9nX21lc3NhZ2UgIlBlcm1pc3Npb25zIHNldCBvbiAvdmFyL3d3dy9odG1sLyINCg0Kc3VkbyBzZWQgLWkgJ3MvQWxsb3dPdmVycmlkZSBOb25lL0FsbG93T3ZlcnJpZGUgQWxsLycgL2V0Yy9hcGFjaGUyL2FwYWNoZTIuY29uZg0KbG9nX21lc3NhZ2UgIkFwYWNoZTIgY29uZmlndXJhdGlvbiB1cGRhdGVkIg0KDQpzdWRvIGEyZW5tb2QgcmV3cml0ZQ0KbG9nX21lc3NhZ2UgIkFwYWNoZTIgcmV3cml0ZSBtb2R1bGUgZW5hYmxlZCINCg0Kc3VkbyBzeXN0ZW1jdGwgcmVzdGFydCBhcGFjaGUyDQpsb2dfbWVzc2FnZSAiQXBhY2hlMiByZXN0YXJ0ZWQiDQoNCm15c3FsIC1oICRNWVNRTF9IT1NUIC11ICRNWVNRTF9VU0VSIC1wJE1ZU1FMX1BBU1NXT1JEIC1lICJVU0UgJE1ZU1FMX0RBVEFCQVNFOyBTSE9XIFRBQkxFUzsiDQpsb2dfbWVzc2FnZSAiRGF0YWJhc2UgY29ubmVjdGlvbiB0ZXN0ZWQiDQoNCnBocCAtdg0KbG9nX21lc3NhZ2UgIlBIUCB2ZXJzaW9uIGNoZWNrZWQiDQoNCmxvZ19tZXNzYWdlICJXb3JkUHJlc3MgaW5zdGFsbGF0aW9uIHNjcmlwdCBjb21wbGV0ZWQiDQplY2hvICJXb3JkUHJlc3MgaW5zdGFsbGF0aW9uIGlzIGNvbXBsZXRlLiBWaXNpdCB5b3VyIHNlcnZlcidzIHB1YmxpYyBJUCB0byBjb21wbGV0ZSB0aGUgaW5zdGFsbGF0aW9uLiINCmVjaG8gIklmIHlvdSBzZWUgdGhlIEFwYWNoZTIgZGVmYXVsdCBwYWdlLCB0cnkgYWNjZXNzaW5nIGh0dHA6Ly95b3VyLXNlcnZlci1pcC93cC1hZG1pbi9pbnN0YWxsLnBocCINCmVjaG8gIkNoZWNrIEFwYWNoZTIgZXJyb3IgbG9ncyB3aXRoOiBzdWRvIHRhaWwgLWYgL3Zhci9sb2cvYXBhY2hlMi9lcnJvci5sb2ciDQplY2hvICJIZWFsdGggY2hlY2sgcGFnZSBpcyBhdmFpbGFibGUgYXQ6IGh0dHA6Ly95b3VyLXNlcnZlci1pcC9oZWFsdGgucGhwIg0KZWNobyAiSW5zdGFsbGF0aW9uIGxvZyBhdmFpbGFibGUgYXQ6IC90bXAvd29yZHByZXNzX2luc3RhbGxfbG9nLnR4dCI=",
            "vpc_security_group_ids": [
              "sg-032f58075aadae624"
            ]
          },
          "sensitive_attributes": [],
          "private": "bnVsbA==",
          "dependencies": [
            "module.asg.aws_iam_instance_profile.ec2_profile",
            "module.asg.aws_iam_role.wordpress_ec2_role",
            "module.asg.data.aws_ami.ubuntu",
            "module.networking.aws_security_group.wp-vpc-sg",
            "module.vpc.aws_vpc.main"
          ]
        }
      ]
    },
    {
      "module": "module.efs",
      "mode": "managed",
      "type": "aws_kms_key",
      "name": "wp_efs_kms",
      "provider": "provider[\"registry.terraform.io/hashicorp/aws\"]",
      "instances": [
        {
          "schema_version": 0,
          "attributes": {
            "arn": "arn:aws:kms:us-east-1:014498645423:key/760517bf-ce37-4dad-8ce8-7ffb919f2192",
            "bypass_policy_lockout_safety_check": false,
            "custom_key_store_id": "",
            "customer_master_key_spec": "SYMMETRIC_DEFAULT",
            "deletion_window_in_days": 10,
            "description": "KMS key for EFS encryption",
            "enable_key_rotation": false,
            "id": "760517bf-ce37-4dad-8ce8-7ffb919f2192",
            "is_enabled": true,
            "key_id": "760517bf-ce37-4dad-8ce8-7ffb919f2192",
            "key_usage": "ENCRYPT_DECRYPT",
            "multi_region": false,
            "policy": "{\"Id\":\"key-default-1\",\"Statement\":[{\"Action\":\"kms:*\",\"Effect\":\"Allow\",\"Principal\":{\"AWS\":\"arn:aws:iam::014498645423:root\"},\"Resource\":\"*\",\"Sid\":\"Enable IAM User Permissions\"}],\"Version\":\"2012-10-17\"}",
            "rotation_period_in_days": 0,
            "tags": {
              "Name": "efs-kms-key"
            },
            "tags_all": {
              "Name": "efs-kms-key"
            },
            "timeouts": null,
            "xks_key_id": ""
          },
          "sensitive_attributes": [],
          "private": "eyJlMmJmYjczMC1lY2FhLTExZTYtOGY4OC0zNDM2M2JjN2M0YzAiOnsiY3JlYXRlIjoxMjAwMDAwMDAwMDB9fQ=="
        }
      ]
    },
    {
      "module": "module.networking",
      "mode": "managed",
      "type": "aws_security_group",
      "name": "ssh-sg",
      "provider": "provider[\"registry.terraform.io/hashicorp/aws\"]",
      "instances": [
        {
          "schema_version": 1,
          "attributes": {
            "arn": "arn:aws:ec2:us-east-1:014498645423:security-group/sg-0ede41973d2823e27",
            "description": "Security Group for SSH",
            "egress": [
              {
                "cidr_blocks": [
                  "0.0.0.0/0"
                ],
                "description": "",
                "from_port": 0,
                "ipv6_cidr_blocks": [],
                "prefix_list_ids": [],
                "protocol": "-1",
                "security_groups": [],
                "self": false,
                "to_port": 0
              }
            ],
            "id": "sg-0ede41973d2823e27",
            "ingress": [
              {
                "cidr_blocks": [
                  "0.0.0.0/0"
                ],
                "description": "",
                "from_port": 22,
                "ipv6_cidr_blocks": [],
                "prefix_list_ids": [],
                "protocol": "tcp",
                "security_groups": [],
                "self": false,
                "to_port": 22
              }
            ],
            "name": "ssh-SG",
            "name_prefix": "",
            "owner_id": "014498645423",
            "revoke_rules_on_delete": false,
            "tags": {
              "Name": "Wordpress-SSH"
            },
            "tags_all": {
              "Name": "Wordpress-SSH"
            },
            "timeouts": null,
            "vpc_id": "vpc-01e81d2ae80579902"
          },
          "sensitive_attributes": [],
          "private": "eyJlMmJmYjczMC1lY2FhLTExZTYtOGY4OC0zNDM2M2JjN2M0YzAiOnsiY3JlYXRlIjo2MDAwMDAwMDAwMDAsImRlbGV0ZSI6OTAwMDAwMDAwMDAwfSwic2NoZW1hX3ZlcnNpb24iOiIxIn0=",
          "dependencies": [
            "module.vpc.aws_vpc.main"
          ]
        }
      ]
    },
    {
      "module": "module.networking",
      "mode": "managed",
      "type": "aws_security_group",
      "name": "wp-rds-sg",
      "provider": "provider[\"registry.terraform.io/hashicorp/aws\"]",
      "instances": [
        {
          "schema_version": 1,
          "attributes": {
            "arn": "arn:aws:ec2:us-east-1:014498645423:security-group/sg-0bb404c4636b4c080",
            "description": "Security Group for RDS MySQL \u0026 EFS",
            "egress": [],
            "id": "sg-0bb404c4636b4c080",
            "ingress": [
              {
                "cidr_blocks": [],
                "description": "",
                "from_port": 3306,
                "ipv6_cidr_blocks": [],
                "prefix_list_ids": [],
                "protocol": "tcp",
                "security_groups": [
                  "sg-032f58075aadae624"
                ],
                "self": false,
                "to_port": 3306
              }
            ],
            "name": "RDS-SG",
            "name_prefix": "",
            "owner_id": "014498645423",
            "revoke_rules_on_delete": false,
            "tags": {
              "Name": "wordpress-RDS"
            },
            "tags_all": {
              "Name": "wordpress-RDS"
            },
            "timeouts": null,
            "vpc_id": "vpc-01e81d2ae80579902"
          },
          "sensitive_attributes": [],
          "private": "eyJlMmJmYjczMC1lY2FhLTExZTYtOGY4OC0zNDM2M2JjN2M0YzAiOnsiY3JlYXRlIjo2MDAwMDAwMDAwMDAsImRlbGV0ZSI6OTAwMDAwMDAwMDAwfSwic2NoZW1hX3ZlcnNpb24iOiIxIn0=",
          "dependencies": [
            "module.vpc.aws_vpc.main"
          ]
        }
      ]
    },
    {
      "module": "module.networking",
      "mode": "managed",
      "type": "aws_security_group",
      "name": "wp-vpc-sg",
      "provider": "provider[\"registry.terraform.io/hashicorp/aws\"]",
      "instances": [
        {
          "schema_version": 1,
          "attributes": {
            "arn": "arn:aws:ec2:us-east-1:014498645423:security-group/sg-032f58075aadae624",
            "description": "Security Group for WordPress EC2 instance",
            "egress": [
              {
                "cidr_blocks": [
                  "0.0.0.0/0"
                ],
                "description": "",
                "from_port": 0,
                "ipv6_cidr_blocks": [],
                "prefix_list_ids": [],
                "protocol": "-1",
                "security_groups": [],
                "self": false,
                "to_port": 0
              }
            ],
            "id": "sg-032f58075aadae624",
            "ingress": [
              {
                "cidr_blocks": [],
                "description": "",
                "from_port": 22,
                "ipv6_cidr_blocks": [],
                "prefix_list_ids": [],
                "protocol": "tcp",
                "security_groups": [
                  "sg-0ede41973d2823e27"
                ],
                "self": false,
                "to_port": 22
              },
              {
                "cidr_blocks": [],
                "description": "",
                "from_port": 80,
                "ipv6_cidr_blocks": [],
                "prefix_list_ids": [],
                "protocol": "tcp",
                "security_groups": [
                  "sg-087ae1c41eda4d80c"
                ],
                "self": false,
                "to_port": 80
              }
            ],
            "name": "wordpress-SG",
            "name_prefix": "",
            "owner_id": "014498645423",
            "revoke_rules_on_delete": false,
            "tags": {
              "Name": "Wordpress-main-SG"
            },
            "tags_all": {
              "Name": "Wordpress-main-SG"
            },
            "timeouts": null,
            "vpc_id": "vpc-01e81d2ae80579902"
          },
          "sensitive_attributes": [],
          "private": "eyJlMmJmYjczMC1lY2FhLTExZTYtOGY4OC0zNDM2M2JjN2M0YzAiOnsiY3JlYXRlIjo2MDAwMDAwMDAwMDAsImRlbGV0ZSI6OTAwMDAwMDAwMDAwfSwic2NoZW1hX3ZlcnNpb24iOiIxIn0=",
          "dependencies": [
            "module.vpc.aws_vpc.main"
          ]
        }
      ]
    },
    {
      "module": "module.rds",
      "mode": "managed",
      "type": "aws_db_subnet_group",
      "name": "subnet-grp-rds",
      "provider": "provider[\"registry.terraform.io/hashicorp/aws\"]",
      "instances": [
        {
          "schema_version": 0,
          "attributes": {
            "arn": "arn:aws:rds:us-east-1:014498645423:subgrp:subnet-grp-rds",
            "description": "Managed by Terraform",
            "id": "subnet-grp-rds",
            "name": "subnet-grp-rds",
            "name_prefix": "",
            "subnet_ids": [
              "subnet-00b243c2183721468",
              "subnet-0293b7c2b942e9509"
            ],
            "supported_network_types": [
              "IPV4"
            ],
            "tags": {
              "Name": "Wordpress-RDS-Subnet-Group"
            },
            "tags_all": {
              "Name": "Wordpress-RDS-Subnet-Group"
            },
            "vpc_id": "vpc-01e81d2ae80579902"
          },
          "sensitive_attributes": [],
          "private": "bnVsbA==",
          "dependencies": [
            "module.vpc.aws_subnet.private-subnets",
            "module.vpc.aws_vpc.main",
            "module.vpc.data.aws_availability_zones.AZs"
          ]
        }
      ]
    },
    {
      "module": "module.vpc",
      "mode": "data",
      "type": "aws_availability_zones",
      "name": "AZs",
      "provider": "provider[\"registry.terraform.io/hashicorp/aws\"]",
      "instances": [
        {
          "schema_version": 0,
          "attributes": {
            "all_availability_zones": null,
            "exclude_names": null,
            "exclude_zone_ids": null,
            "filter": [
              {
                "name": "opt-in-status",
                "values": [
                  "opt-in-not-required"
                ]
              }
            ],
            "group_names": [
              "us-east-1"
            ],
            "id": "us-east-1",
            "names": [
              "us-east-1a",
              "us-east-1b",
              "us-east-1c",
              "us-east-1d",
              "us-east-1e",
              "us-east-1f"
            ],
            "state": "available",
            "timeouts": null,
            "zone_ids": [
              "use1-az2",
              "use1-az4",
              "use1-az6",
              "use1-az1",
              "use1-az3",
              "use1-az5"
            ]
          },
          "sensitive_attributes": []
        }
      ]
    },
    {
      "module": "module.vpc",
      "mode": "managed",
      "type": "aws_eip",
      "name": "NATgw_eip_1",
      "provider": "provider[\"registry.terraform.io/hashicorp/aws\"]",
      "instances": [
        {
          "schema_version": 0,
          "attributes": {
            "address": null,
            "allocation_id": "eipalloc-0b4f09656da3cb9dc",
            "arn": "arn:aws:ec2:us-east-1:014498645423:elastic-ip/eipalloc-0b4f09656da3cb9dc",
            "associate_with_private_ip": null,
            "association_id": "eipassoc-041aead5a5b8b4a97",
            "carrier_ip": "",
            "customer_owned_ip": "",
            "customer_owned_ipv4_pool": "",
            "domain": "vpc",
            "id": "eipalloc-0b4f09656da3cb9dc",
            "instance": "",
            "network_border_group": "us-east-1",
            "network_interface": "eni-0cdaad2d4a37cd021",
            "private_dns": "ip-10-0-0-240.ec2.internal",
            "private_ip": "10.0.0.240",
            "ptr_record": "",
            "public_dns": "ec2-44-212-237-34.compute-1.amazonaws.com",
            "public_ip": "44.212.237.34",
            "public_ipv4_pool": "amazon",
            "tags": {},
            "tags_all": {},
            "timeouts": null,
            "vpc": true
          },
          "sensitive_attributes": [],
          "private": "eyJlMmJmYjczMC1lY2FhLTExZTYtOGY4OC0zNDM2M2JjN2M0YzAiOnsiZGVsZXRlIjoxODAwMDAwMDAwMDAsInJlYWQiOjkwMDAwMDAwMDAwMCwidXBkYXRlIjozMDAwMDAwMDAwMDB9fQ=="
        }
      ]
    },
    {
      "module": "module.vpc",
      "mode": "managed",
      "type": "aws_eip",
      "name": "NATgw_eip_2",
      "provider": "provider[\"registry.terraform.io/hashicorp/aws\"]",
      "instances": [
        {
          "schema_version": 0,
          "attributes": {
            "address": null,
            "allocation_id": "eipalloc-0d51d61bac5b66aa0",
            "arn": "arn:aws:ec2:us-east-1:014498645423:elastic-ip/eipalloc-0d51d61bac5b66aa0",
            "associate_with_private_ip": null,
            "association_id": "eipassoc-01aec72ffa19e014f",
            "carrier_ip": "",
            "customer_owned_ip": "",
            "customer_owned_ipv4_pool": "",
            "domain": "vpc",
            "id": "eipalloc-0d51d61bac5b66aa0",
            "instance": "",
            "network_border_group": "us-east-1",
            "network_interface": "eni-01a102124f111ba2f",
            "private_dns": "ip-10-0-1-34.ec2.internal",
            "private_ip": "10.0.1.34",
            "ptr_record": "",
            "public_dns": "ec2-100-29-73-180.compute-1.amazonaws.com",
            "public_ip": "100.29.73.180",
            "public_ipv4_pool": "amazon",
            "tags": {},
            "tags_all": {},
            "timeouts": null,
            "vpc": true
          },
          "sensitive_attributes": [],
          "private": "eyJlMmJmYjczMC1lY2FhLTExZTYtOGY4OC0zNDM2M2JjN2M0YzAiOnsiZGVsZXRlIjoxODAwMDAwMDAwMDAsInJlYWQiOjkwMDAwMDAwMDAwMCwidXBkYXRlIjozMDAwMDAwMDAwMDB9fQ=="
        }
      ]
    },
    {
      "module": "module.vpc",
      "mode": "managed",
      "type": "aws_subnet",
      "name": "private-subnets",
      "provider": "provider[\"registry.terraform.io/hashicorp/aws\"]",
      "instances": [
        {
          "index_key": 0,
          "schema_version": 1,
          "attributes": {
            "arn": "arn:aws:ec2:us-east-1:014498645423:subnet/subnet-0f48b8d04cc60796c",
            "assign_ipv6_address_on_creation": false,
            "availability_zone": "us-east-1a",
            "availability_zone_id": "use1-az2",
            "cidr_block": "10.0.2.0/24",
            "customer_owned_ipv4_pool": "",
            "enable_dns64": false,
            "enable_lni_at_device_index": 0,
            "enable_resource_name_dns_a_record_on_launch": false,
            "enable_resource_name_dns_aaaa_record_on_launch": false,
            "id": "subnet-0f48b8d04cc60796c",
            "ipv6_cidr_block": "",
            "ipv6_cidr_block_association_id": "",
            "ipv6_native": false,
            "map_customer_owned_ip_on_launch": false,
            "map_public_ip_on_launch": false,
            "outpost_arn": "",
            "owner_id": "014498645423",
            "private_dns_hostname_type_on_launch": "ip-name",
            "tags": {
              "Name": "private-subnet-0",
              "Tier": "private"
            },
            "tags_all": {
              "Name": "private-subnet-0",
              "Tier": "private"
            },
            "timeouts": null,
            "vpc_id": "vpc-01e81d2ae80579902"
          },
          "sensitive_attributes": [],
          "private": "eyJlMmJmYjczMC1lY2FhLTExZTYtOGY4OC0zNDM2M2JjN2M0YzAiOnsiY3JlYXRlIjo2MDAwMDAwMDAwMDAsImRlbGV0ZSI6MTIwMDAwMDAwMDAwMH0sInNjaGVtYV92ZXJzaW9uIjoiMSJ9",
          "dependencies": [
            "module.vpc.aws_vpc.main",
            "module.vpc.data.aws_availability_zones.AZs"
          ]
        },
        {
          "index_key": 1,
          "schema_version": 1,
          "attributes": {
            "arn": "arn:aws:ec2:us-east-1:014498645423:subnet/subnet-0cbe0467f4b72fea1",
            "assign_ipv6_address_on_creation": false,
            "availability_zone": "us-east-1b",
            "availability_zone_id": "use1-az4",
            "cidr_block": "10.0.3.0/24",
            "customer_owned_ipv4_pool": "",
            "enable_dns64": false,
            "enable_lni_at_device_index": 0,
            "enable_resource_name_dns_a_record_on_launch": false,
            "enable_resource_name_dns_aaaa_record_on_launch": false,
            "id": "subnet-0cbe0467f4b72fea1",
            "ipv6_cidr_block": "",
            "ipv6_cidr_block_association_id": "",
            "ipv6_native": false,
            "map_customer_owned_ip_on_launch": false,
            "map_public_ip_on_launch": false,
            "outpost_arn": "",
            "owner_id": "014498645423",
            "private_dns_hostname_type_on_launch": "ip-name",
            "tags": {
              "Name": "private-subnet-1",
              "Tier": "private"
            },
            "tags_all": {
              "Name": "private-subnet-1",
              "Tier": "private"
            },
            "timeouts": null,
            "vpc_id": "vpc-01e81d2ae80579902"
          },
          "sensitive_attributes": [],
          "private": "eyJlMmJmYjczMC1lY2FhLTExZTYtOGY4OC0zNDM2M2JjN2M0YzAiOnsiY3JlYXRlIjo2MDAwMDAwMDAwMDAsImRlbGV0ZSI6MTIwMDAwMDAwMDAwMH0sInNjaGVtYV92ZXJzaW9uIjoiMSJ9",
          "dependencies": [
            "module.vpc.aws_vpc.main",
            "module.vpc.data.aws_availability_zones.AZs"
          ]
        },
        {
          "index_key": 2,
          "schema_version": 1,
          "attributes": {
            "arn": "arn:aws:ec2:us-east-1:014498645423:subnet/subnet-0293b7c2b942e9509",
            "assign_ipv6_address_on_creation": false,
            "availability_zone": "us-east-1a",
            "availability_zone_id": "use1-az2",
            "cidr_block": "10.0.4.0/24",
            "customer_owned_ipv4_pool": "",
            "enable_dns64": false,
            "enable_lni_at_device_index": 0,
            "enable_resource_name_dns_a_record_on_launch": false,
            "enable_resource_name_dns_aaaa_record_on_launch": false,
            "id": "subnet-0293b7c2b942e9509",
            "ipv6_cidr_block": "",
            "ipv6_cidr_block_association_id": "",
            "ipv6_native": false,
            "map_customer_owned_ip_on_launch": false,
            "map_public_ip_on_launch": false,
            "outpost_arn": "",
            "owner_id": "014498645423",
            "private_dns_hostname_type_on_launch": "ip-name",
            "tags": {
              "Name": "private-subnet-2",
              "Tier": "private"
            },
            "tags_all": {
              "Name": "private-subnet-2",
              "Tier": "private"
            },
            "timeouts": null,
            "vpc_id": "vpc-01e81d2ae80579902"
          },
          "sensitive_attributes": [],
          "private": "eyJlMmJmYjczMC1lY2FhLTExZTYtOGY4OC0zNDM2M2JjN2M0YzAiOnsiY3JlYXRlIjo2MDAwMDAwMDAwMDAsImRlbGV0ZSI6MTIwMDAwMDAwMDAwMH0sInNjaGVtYV92ZXJzaW9uIjoiMSJ9",
          "dependencies": [
            "module.vpc.aws_vpc.main",
            "module.vpc.data.aws_availability_zones.AZs"
          ]
        },
        {
          "index_key": 3,
          "schema_version": 1,
          "attributes": {
            "arn": "arn:aws:ec2:us-east-1:014498645423:subnet/subnet-00b243c2183721468",
            "assign_ipv6_address_on_creation": false,
            "availability_zone": "us-east-1b",
            "availability_zone_id": "use1-az4",
            "cidr_block": "10.0.5.0/24",
            "customer_owned_ipv4_pool": "",
            "enable_dns64": false,
            "enable_lni_at_device_index": 0,
            "enable_resource_name_dns_a_record_on_launch": false,
            "enable_resource_name_dns_aaaa_record_on_launch": false,
            "id": "subnet-00b243c2183721468",
            "ipv6_cidr_block": "",
            "ipv6_cidr_block_association_id": "",
            "ipv6_native": false,
            "map_customer_owned_ip_on_launch": false,
            "map_public_ip_on_launch": false,
            "outpost_arn": "",
            "owner_id": "014498645423",
            "private_dns_hostname_type_on_launch": "ip-name",
            "tags": {
              "Name": "private-subnet-3",
              "Tier": "private"
            },
            "tags_all": {
              "Name": "private-subnet-3",
              "Tier": "private"
            },
            "timeouts": null,
            "vpc_id": "vpc-01e81d2ae80579902"
          },
          "sensitive_attributes": [],
          "private": "eyJlMmJmYjczMC1lY2FhLTExZTYtOGY4OC0zNDM2M2JjN2M0YzAiOnsiY3JlYXRlIjo2MDAwMDAwMDAwMDAsImRlbGV0ZSI6MTIwMDAwMDAwMDAwMH0sInNjaGVtYV92ZXJzaW9uIjoiMSJ9",
          "dependencies": [
            "module.vpc.aws_vpc.main",
            "module.vpc.data.aws_availability_zones.AZs"
          ]
        }
      ]
    },
    {
      "module": "module.vpc",
      "mode": "managed",
      "type": "aws_subnet",
      "name": "public-subnets",
      "provider": "provider[\"registry.terraform.io/hashicorp/aws\"]",
      "instances": [
        {
          "index_key": 0,
          "schema_version": 1,
          "attributes": {
            "arn": "arn:aws:ec2:us-east-1:014498645423:subnet/subnet-011b134a65c29f2ed",
            "assign_ipv6_address_on_creation": false,
            "availability_zone": "us-east-1a",
            "availability_zone_id": "use1-az2",
            "cidr_block": "10.0.0.0/24",
            "customer_owned_ipv4_pool": "",
            "enable_dns64": false,
            "enable_lni_at_device_index": 0,
            "enable_resource_name_dns_a_record_on_launch": false,
            "enable_resource_name_dns_aaaa_record_on_launch": false,
            "id": "subnet-011b134a65c29f2ed",
            "ipv6_cidr_block": "",
            "ipv6_cidr_block_association_id": "",
            "ipv6_native": false,
            "map_customer_owned_ip_on_launch": false,
            "map_public_ip_on_launch": true,
            "outpost_arn": "",
            "owner_id": "014498645423",
            "private_dns_hostname_type_on_launch": "ip-name",
            "tags": {
              "Name": "Public-subnet-0",
              "Tier": "public"
            },
            "tags_all": {
              "Name": "Public-subnet-0",
              "Tier": "public"
            },
            "timeouts": null,
            "vpc_id": "vpc-01e81d2ae80579902"
          },
          "sensitive_attributes": [],
          "private": "eyJlMmJmYjczMC1lY2FhLTExZTYtOGY4OC0zNDM2M2JjN2M0YzAiOnsiY3JlYXRlIjo2MDAwMDAwMDAwMDAsImRlbGV0ZSI6MTIwMDAwMDAwMDAwMH0sInNjaGVtYV92ZXJzaW9uIjoiMSJ9",
          "dependencies": [
            "module.vpc.aws_vpc.main",
            "module.vpc.data.aws_availability_zones.AZs"
          ]
        },
        {
          "index_key": 1,
          "schema_version": 1,
          "attributes": {
            "arn": "arn:aws:ec2:us-east-1:014498645423:subnet/subnet-0335d52dc8d5d95b0",
            "assign_ipv6_address_on_creation": false,
            "availability_zone": "us-east-1b",
            "availability_zone_id": "use1-az4",
            "cidr_block": "10.0.1.0/24",
            "customer_owned_ipv4_pool": "",
            "enable_dns64": false,
            "enable_lni_at_device_index": 0,
            "enable_resource_name_dns_a_record_on_launch": false,
            "enable_resource_name_dns_aaaa_record_on_launch": false,
            "id": "subnet-0335d52dc8d5d95b0",
            "ipv6_cidr_block": "",
            "ipv6_cidr_block_association_id": "",
            "ipv6_native": false,
            "map_customer_owned_ip_on_launch": false,
            "map_public_ip_on_launch": true,
            "outpost_arn": "",
            "owner_id": "014498645423",
            "private_dns_hostname_type_on_launch": "ip-name",
            "tags": {
              "Name": "Public-subnet-1",
              "Tier": "public"
            },
            "tags_all": {
              "Name": "Public-subnet-1",
              "Tier": "public"
            },
            "timeouts": null,
            "vpc_id": "vpc-01e81d2ae80579902"
          },
          "sensitive_attributes": [],
          "private": "eyJlMmJmYjczMC1lY2FhLTExZTYtOGY4OC0zNDM2M2JjN2M0YzAiOnsiY3JlYXRlIjo2MDAwMDAwMDAwMDAsImRlbGV0ZSI6MTIwMDAwMDAwMDAwMH0sInNjaGVtYV92ZXJzaW9uIjoiMSJ9",
          "dependencies": [
            "module.vpc.aws_vpc.main",
            "module.vpc.data.aws_availability_zones.AZs"
          ]
        }
      ]
    },
    {
      "module": "module.vpc",
      "mode": "managed",
      "type": "aws_vpc",
      "name": "main",
      "provider": "provider[\"registry.terraform.io/hashicorp/aws\"]",
      "instances": [
        {
          "schema_version": 1,
          "attributes": {
            "arn": "arn:aws:ec2:us-east-1:014498645423:vpc/vpc-01e81d2ae80579902",
            "assign_generated_ipv6_cidr_block": false,
            "cidr_block": "10.0.0.0/16",
            "default_network_acl_id": "acl-02eec3b65b6067086",
            "default_route_table_id": "rtb-0011d535ae88be92b",
            "default_security_group_id": "sg-05cddb75c5029182e",
            "dhcp_options_id": "dopt-0c609c40fe2272c0e",
            "enable_dns_hostnames": true,
            "enable_dns_support": true,
            "enable_network_address_usage_metrics": false,
            "id": "vpc-01e81d2ae80579902",
            "instance_tenancy": "default",
            "ipv4_ipam_pool_id": null,
            "ipv4_netmask_length": null,
            "ipv6_association_id": "",
            "ipv6_cidr_block": "",
            "ipv6_cidr_block_network_border_group": "",
            "ipv6_ipam_pool_id": "",
            "ipv6_netmask_length": 0,
            "main_route_table_id": "rtb-0011d535ae88be92b",
            "owner_id": "014498645423",
            "tags": {
              "Name": "WordPress-vpc"
            },
            "tags_all": {
              "Name": "WordPress-vpc"
            }
          },
          "sensitive_attributes": [],
          "private": "eyJzY2hlbWFfdmVyc2lvbiI6IjEifQ=="
        }
      ]
    }
  ],
  "check_results": null
}
