{
  "version": 4,
  "terraform_version": "1.9.1",
  "serial": 1586,
  "lineage": "aa71e94c-20d3-af84-46bb-e01f8a992c62",
  "outputs": {
    "rds_endpoint": {
      "value": "digitalboost-wordpress-db.cpcgwweaw5ve.us-east-1.rds.amazonaws.com:3306",
      "type": "string"
    }
  },
  "resources": [
    {
      "module": "module.alb",
      "mode": "data",
      "type": "aws_caller_identity",
      "name": "current",
      "provider": "provider[\"registry.terraform.io/hashicorp/aws\"]",
      "instances": [
        {
          "schema_version": 0,
          "attributes": {
            "account_id": "014498645423",
            "arn": "arn:aws:iam::014498645423:user/Frank",
            "id": "014498645423",
            "user_id": "AIDAQGYBPYWX6XSBVJR5R"
          },
          "sensitive_attributes": []
        }
      ]
    },
    {
      "module": "module.alb",
      "mode": "data",
      "type": "aws_elb_service_account",
      "name": "main",
      "provider": "provider[\"registry.terraform.io/hashicorp/aws\"]",
      "instances": [
        {
          "schema_version": 0,
          "attributes": {
            "arn": "arn:aws:iam::127311923021:root",
            "id": "127311923021",
            "region": null
          },
          "sensitive_attributes": []
        }
      ]
    },
    {
      "module": "module.alb",
      "mode": "managed",
      "type": "aws_lb",
      "name": "wp-lb",
      "provider": "provider[\"registry.terraform.io/hashicorp/aws\"]",
      "instances": [
        {
          "schema_version": 0,
          "attributes": {
            "access_logs": [
              {
                "bucket": "wordpress-lb-logs20250213191237665900000001",
                "enabled": true,
                "prefix": "test-lb"
              }
            ],
            "arn": "arn:aws:elasticloadbalancing:us-east-1:014498645423:loadbalancer/app/DigitalBoost-WordPress-ALB/f9296752efd6f46b",
            "arn_suffix": "app/DigitalBoost-WordPress-ALB/f9296752efd6f46b",
            "client_keep_alive": 3600,
            "connection_logs": [
              {
                "bucket": "",
                "enabled": false,
                "prefix": ""
              }
            ],
            "customer_owned_ipv4_pool": "",
            "desync_mitigation_mode": "defensive",
            "dns_name": "DigitalBoost-WordPress-ALB-2116307860.us-east-1.elb.amazonaws.com",
            "dns_record_client_routing_policy": null,
            "drop_invalid_header_fields": false,
            "enable_cross_zone_load_balancing": true,
            "enable_deletion_protection": false,
            "enable_http2": true,
            "enable_tls_version_and_cipher_suite_headers": false,
            "enable_waf_fail_open": false,
            "enable_xff_client_port": false,
            "enable_zonal_shift": false,
            "enforce_security_group_inbound_rules_on_private_link_traffic": "",
            "id": "arn:aws:elasticloadbalancing:us-east-1:014498645423:loadbalancer/app/DigitalBoost-WordPress-ALB/f9296752efd6f46b",
            "idle_timeout": 60,
            "internal": false,
            "ip_address_type": "ipv4",
            "load_balancer_type": "application",
            "name": "DigitalBoost-WordPress-ALB",
            "name_prefix": "",
            "preserve_host_header": false,
            "security_groups": [
              "sg-04d37dc96de15369d"
            ],
            "subnet_mapping": [
              {
                "allocation_id": "",
                "ipv6_address": "",
                "outpost_id": "",
                "private_ipv4_address": "",
                "subnet_id": "subnet-0cf4e9a0644061a7c"
              },
              {
                "allocation_id": "",
                "ipv6_address": "",
                "outpost_id": "",
                "private_ipv4_address": "",
                "subnet_id": "subnet-0d71b218e233c2026"
              }
            ],
            "subnets": [
              "subnet-0cf4e9a0644061a7c",
              "subnet-0d71b218e233c2026"
            ],
            "tags": {
              "Name": "DigitalBoost-WordPress-ALB"
            },
            "tags_all": {
              "Name": "DigitalBoost-WordPress-ALB"
            },
            "timeouts": null,
            "vpc_id": "vpc-09be576fc0bce59a1",
            "xff_header_processing_mode": "append",
            "zone_id": "Z35SXDOTRQ7X7K"
          },
          "sensitive_attributes": [],
          "private": "eyJlMmJmYjczMC1lY2FhLTExZTYtOGY4OC0zNDM2M2JjN2M0YzAiOnsiY3JlYXRlIjo2MDAwMDAwMDAwMDAsImRlbGV0ZSI6NjAwMDAwMDAwMDAwLCJ1cGRhdGUiOjYwMDAwMDAwMDAwMH19",
          "dependencies": [
            "module.alb.aws_s3_bucket.lb_logs",
            "module.networking.aws_security_group.wp-lb-sg",
            "module.vpc.aws_subnet.public-subnets",
            "module.vpc.aws_vpc.main",
            "module.vpc.data.aws_availability_zones.AZs"
          ]
        }
      ]
    },
    {
      "module": "module.alb",
      "mode": "managed",
      "type": "aws_lb_listener",
      "name": "wp-lb-list",
      "provider": "provider[\"registry.terraform.io/hashicorp/aws\"]",
      "instances": [
        {
          "schema_version": 0,
          "attributes": {
            "alpn_policy": null,
            "arn": "arn:aws:elasticloadbalancing:us-east-1:014498645423:listener/app/DigitalBoost-WordPress-ALB/f9296752efd6f46b/a3322c9b978ee9e5",
            "certificate_arn": null,
            "default_action": [
              {
                "authenticate_cognito": [],
                "authenticate_oidc": [],
                "fixed_response": [],
                "forward": [],
                "order": 1,
                "redirect": [],
                "target_group_arn": "arn:aws:elasticloadbalancing:us-east-1:014498645423:targetgroup/DigitalBoost-WordPress-TG/8f11abfacc680430",
                "type": "forward"
              }
            ],
            "id": "arn:aws:elasticloadbalancing:us-east-1:014498645423:listener/app/DigitalBoost-WordPress-ALB/f9296752efd6f46b/a3322c9b978ee9e5",
            "load_balancer_arn": "arn:aws:elasticloadbalancing:us-east-1:014498645423:loadbalancer/app/DigitalBoost-WordPress-ALB/f9296752efd6f46b",
            "mutual_authentication": [],
            "port": 80,
            "protocol": "HTTP",
            "routing_http_request_x_amzn_mtls_clientcert_header_name": null,
            "routing_http_request_x_amzn_mtls_clientcert_issuer_header_name": null,
            "routing_http_request_x_amzn_mtls_clientcert_leaf_header_name": null,
            "routing_http_request_x_amzn_mtls_clientcert_serial_number_header_name": null,
            "routing_http_request_x_amzn_mtls_clientcert_subject_header_name": null,
            "routing_http_request_x_amzn_mtls_clientcert_validity_header_name": null,
            "routing_http_request_x_amzn_tls_cipher_suite_header_name": null,
            "routing_http_request_x_amzn_tls_version_header_name": null,
            "routing_http_response_access_control_allow_credentials_header_value": "",
            "routing_http_response_access_control_allow_headers_header_value": "",
            "routing_http_response_access_control_allow_methods_header_value": "",
            "routing_http_response_access_control_allow_origin_header_value": "",
            "routing_http_response_access_control_expose_headers_header_value": "",
            "routing_http_response_access_control_max_age_header_value": "",
            "routing_http_response_content_security_policy_header_value": "",
            "routing_http_response_server_enabled": false,
            "routing_http_response_strict_transport_security_header_value": "",
            "routing_http_response_x_content_type_options_header_value": "",
            "routing_http_response_x_frame_options_header_value": "",
            "ssl_policy": "",
            "tags": null,
            "tags_all": {},
            "tcp_idle_timeout_seconds": null,
            "timeouts": null
          },
          "sensitive_attributes": [],
          "private": "eyJlMmJmYjczMC1lY2FhLTExZTYtOGY4OC0zNDM2M2JjN2M0YzAiOnsiY3JlYXRlIjozMDAwMDAwMDAwMDAsInVwZGF0ZSI6MzAwMDAwMDAwMDAwfX0=",
          "dependencies": [
            "module.alb.aws_lb.wp-lb",
            "module.alb.aws_lb_target_group.wp-tg",
            "module.alb.aws_s3_bucket.lb_logs",
            "module.networking.aws_security_group.wp-lb-sg",
            "module.vpc.aws_subnet.public-subnets",
            "module.vpc.aws_vpc.main",
            "module.vpc.data.aws_availability_zones.AZs"
          ]
        }
      ]
    },
    {
      "module": "module.alb",
      "mode": "managed",
      "type": "aws_lb_target_group",
      "name": "wp-tg",
      "provider": "provider[\"registry.terraform.io/hashicorp/aws\"]",
      "instances": [
        {
          "schema_version": 0,
          "attributes": {
            "arn": "arn:aws:elasticloadbalancing:us-east-1:014498645423:targetgroup/DigitalBoost-WordPress-TG/8f11abfacc680430",
            "arn_suffix": "targetgroup/DigitalBoost-WordPress-TG/8f11abfacc680430",
            "connection_termination": null,
            "deregistration_delay": "300",
            "health_check": [
              {
                "enabled": true,
                "healthy_threshold": 2,
                "interval": 30,
                "matcher": "200-302",
                "path": "/health.php",
                "port": "traffic-port",
                "protocol": "HTTP",
                "timeout": 5,
                "unhealthy_threshold": 2
              }
            ],
            "id": "arn:aws:elasticloadbalancing:us-east-1:014498645423:targetgroup/DigitalBoost-WordPress-TG/8f11abfacc680430",
            "ip_address_type": "ipv4",
            "lambda_multi_value_headers_enabled": false,
            "load_balancer_arns": [],
            "load_balancing_algorithm_type": "round_robin",
            "load_balancing_anomaly_mitigation": "off",
            "load_balancing_cross_zone_enabled": "use_load_balancer_configuration",
            "name": "DigitalBoost-WordPress-TG",
            "name_prefix": "",
            "port": 80,
            "preserve_client_ip": null,
            "protocol": "HTTP",
            "protocol_version": "HTTP1",
            "proxy_protocol_v2": false,
            "slow_start": 0,
            "stickiness": [
              {
                "cookie_duration": 86400,
                "cookie_name": "",
                "enabled": false,
                "type": "lb_cookie"
              }
            ],
            "tags": {
              "Name": "DigitalBoost-WordPress-TG"
            },
            "tags_all": {
              "Name": "DigitalBoost-WordPress-TG"
            },
            "target_failover": [
              {
                "on_deregistration": null,
                "on_unhealthy": null
              }
            ],
            "target_group_health": [
              {
                "dns_failover": [
                  {
                    "minimum_healthy_targets_count": "1",
                    "minimum_healthy_targets_percentage": "off"
                  }
                ],
                "unhealthy_state_routing": [
                  {
                    "minimum_healthy_targets_count": 1,
                    "minimum_healthy_targets_percentage": "off"
                  }
                ]
              }
            ],
            "target_health_state": [
              {
                "enable_unhealthy_connection_termination": null,
                "unhealthy_draining_interval": null
              }
            ],
            "target_type": "instance",
            "vpc_id": "vpc-09be576fc0bce59a1"
          },
          "sensitive_attributes": [],
          "private": "bnVsbA==",
          "dependencies": [
            "module.vpc.aws_vpc.main"
          ]
        }
      ]
    },
    {
      "module": "module.alb",
      "mode": "managed",
      "type": "aws_s3_bucket",
      "name": "lb_logs",
      "provider": "provider[\"registry.terraform.io/hashicorp/aws\"]",
      "instances": [
        {
          "schema_version": 0,
          "attributes": {
            "acceleration_status": "",
            "acl": null,
            "arn": "arn:aws:s3:::wordpress-lb-logs20250213191237665900000001",
            "bucket": "wordpress-lb-logs20250213191237665900000001",
            "bucket_domain_name": "wordpress-lb-logs20250213191237665900000001.s3.amazonaws.com",
            "bucket_prefix": "wordpress-lb-logs",
            "bucket_regional_domain_name": "wordpress-lb-logs20250213191237665900000001.s3.us-east-1.amazonaws.com",
            "cors_rule": [],
            "force_destroy": true,
            "grant": [
              {
                "id": "644c45aabf6d4363ce1a877dddfcdbca321e300690e1d8baea95d66af81e3819",
                "permissions": [
                  "FULL_CONTROL"
                ],
                "type": "CanonicalUser",
                "uri": ""
              }
            ],
            "hosted_zone_id": "Z3AQBSTGFYJSTF",
            "id": "wordpress-lb-logs20250213191237665900000001",
            "lifecycle_rule": [],
            "logging": [],
            "object_lock_configuration": [],
            "object_lock_enabled": false,
            "policy": "",
            "region": "us-east-1",
            "replication_configuration": [],
            "request_payer": "BucketOwner",
            "server_side_encryption_configuration": [
              {
                "rule": [
                  {
                    "apply_server_side_encryption_by_default": [
                      {
                        "kms_master_key_id": "",
                        "sse_algorithm": "AES256"
                      }
                    ],
                    "bucket_key_enabled": false
                  }
                ]
              }
            ],
            "tags": {
              "Name": "DigitalBoost-WordPress-LB-Logs"
            },
            "tags_all": {
              "Name": "DigitalBoost-WordPress-LB-Logs"
            },
            "timeouts": null,
            "versioning": [
              {
                "enabled": false,
                "mfa_delete": false
              }
            ],
            "website": [],
            "website_domain": null,
            "website_endpoint": null
          },
          "sensitive_attributes": [],
          "private": "eyJlMmJmYjczMC1lY2FhLTExZTYtOGY4OC0zNDM2M2JjN2M0YzAiOnsiY3JlYXRlIjoxMjAwMDAwMDAwMDAwLCJkZWxldGUiOjM2MDAwMDAwMDAwMDAsInJlYWQiOjEyMDAwMDAwMDAwMDAsInVwZGF0ZSI6MTIwMDAwMDAwMDAwMH19"
        }
      ]
    },
    {
      "module": "module.alb",
      "mode": "managed",
      "type": "aws_s3_bucket_policy",
      "name": "lb_logs_policy",
      "provider": "provider[\"registry.terraform.io/hashicorp/aws\"]",
      "instances": [
        {
          "schema_version": 0,
          "attributes": {
            "bucket": "wordpress-lb-logs20250213191237665900000001",
            "id": "wordpress-lb-logs20250213191237665900000001",
            "policy": "{\"Statement\":[{\"Action\":\"s3:PutObject\",\"Effect\":\"Allow\",\"Principal\":{\"AWS\":\"arn:aws:iam::127311923021:root\"},\"Resource\":\"arn:aws:s3:::wordpress-lb-logs20250213191237665900000001/*\"},{\"Action\":\"s3:PutObject\",\"Condition\":{\"StringEquals\":{\"s3:x-amz-acl\":\"bucket-owner-full-control\"}},\"Effect\":\"Allow\",\"Principal\":{\"Service\":\"delivery.logs.amazonaws.com\"},\"Resource\":\"arn:aws:s3:::wordpress-lb-logs20250213191237665900000001/*\"},{\"Action\":\"s3:GetBucketAcl\",\"Effect\":\"Allow\",\"Principal\":{\"Service\":\"delivery.logs.amazonaws.com\"},\"Resource\":\"arn:aws:s3:::wordpress-lb-logs20250213191237665900000001\"}],\"Version\":\"2012-10-17\"}"
          },
          "sensitive_attributes": [],
          "private": "bnVsbA==",
          "dependencies": [
            "module.alb.aws_s3_bucket.lb_logs",
            "module.alb.data.aws_elb_service_account.main"
          ]
        }
      ]
    },
    {
      "module": "module.asg",
      "mode": "data",
      "type": "aws_ami",
      "name": "ubuntu",
      "provider": "provider[\"registry.terraform.io/hashicorp/aws\"]",
      "instances": [
        {
          "schema_version": 0,
          "attributes": {
            "architecture": "x86_64",
            "arn": "arn:aws:ec2:us-east-1::image/ami-0e1bed4f06a3b463d",
            "block_device_mappings": [
              {
                "device_name": "/dev/sda1",
                "ebs": {
                  "delete_on_termination": "true",
                  "encrypted": "false",
                  "iops": "0",
                  "snapshot_id": "snap-0b9170dee60c9ec7a",
                  "throughput": "0",
                  "volume_size": "8",
                  "volume_type": "gp2"
                },
                "no_device": "",
                "virtual_name": ""
              },
              {
                "device_name": "/dev/sdb",
                "ebs": {},
                "no_device": "",
                "virtual_name": "ephemeral0"
              },
              {
                "device_name": "/dev/sdc",
                "ebs": {},
                "no_device": "",
                "virtual_name": "ephemeral1"
              }
            ],
            "boot_mode": "uefi-preferred",
            "creation_date": "2025-01-12T04:14:49.000Z",
            "deprecation_time": "2027-01-12T04:14:49.000Z",
            "description": "Canonical, Ubuntu, 22.04, amd64 jammy image",
            "ena_support": true,
            "executable_users": null,
            "filter": [
              {
                "name": "name",
                "values": [
                  "ubuntu/images/hvm-ssd/ubuntu-jammy-22.04-amd64-server-*"
                ]
              },
              {
                "name": "root-device-type",
                "values": [
                  "ebs"
                ]
              },
              {
                "name": "virtualization-type",
                "values": [
                  "hvm"
                ]
              }
            ],
            "hypervisor": "xen",
            "id": "ami-0e1bed4f06a3b463d",
            "image_id": "ami-0e1bed4f06a3b463d",
            "image_location": "amazon/ubuntu/images/hvm-ssd/ubuntu-jammy-22.04-amd64-server-20250112",
            "image_owner_alias": "amazon",
            "image_type": "machine",
            "imds_support": "",
            "include_deprecated": false,
            "kernel_id": "",
            "most_recent": true,
            "name": "ubuntu/images/hvm-ssd/ubuntu-jammy-22.04-amd64-server-20250112",
            "name_regex": null,
            "owner_id": "099720109477",
            "owners": [
              "099720109477"
            ],
            "platform": "",
            "platform_details": "Linux/UNIX",
            "product_codes": [],
            "public": true,
            "ramdisk_id": "",
            "root_device_name": "/dev/sda1",
            "root_device_type": "ebs",
            "root_snapshot_id": "snap-0b9170dee60c9ec7a",
            "sriov_net_support": "simple",
            "state": "available",
            "state_reason": {
              "code": "UNSET",
              "message": "UNSET"
            },
            "tags": {},
            "timeouts": null,
            "tpm_support": "",
            "uefi_data": null,
            "usage_operation": "RunInstances",
            "virtualization_type": "hvm"
          },
          "sensitive_attributes": []
        }
      ]
    },
    {
      "module": "module.asg",
      "mode": "managed",
      "type": "aws_autoscaling_group",
      "name": "bastion-asg",
      "provider": "provider[\"registry.terraform.io/hashicorp/aws\"]",
      "instances": [
        {
          "schema_version": 1,
          "attributes": {
            "arn": "arn:aws:autoscaling:us-east-1:014498645423:autoScalingGroup:76b3da7d-154a-4861-82e3-7a8f91f44303:autoScalingGroupName/terraform-2025021319130495050000000a",
            "availability_zone_distribution": [
              {
                "capacity_distribution_strategy": "balanced-best-effort"
              }
            ],
            "availability_zones": [
              "us-east-1a",
              "us-east-1b"
            ],
            "capacity_rebalance": false,
            "context": "",
            "default_cooldown": 300,
            "default_instance_warmup": 0,
            "desired_capacity": 1,
            "desired_capacity_type": "",
            "enabled_metrics": null,
            "force_delete": false,
            "force_delete_warm_pool": false,
            "health_check_grace_period": 300,
            "health_check_type": "ELB",
            "id": "terraform-2025021319130495050000000a",
            "ignore_failed_scaling_activities": false,
            "initial_lifecycle_hook": [],
            "instance_maintenance_policy": [],
            "instance_refresh": [],
            "launch_configuration": "",
            "launch_template": [
              {
                "id": "lt-07a7595a89d4f4bb3",
                "name": "DigitalBoost-Bastion-Server",
                "version": "$Latest"
              }
            ],
            "load_balancers": [],
            "max_instance_lifetime": 0,
            "max_size": 2,
            "metrics_granularity": "1Minute",
            "min_elb_capacity": null,
            "min_size": 1,
            "mixed_instances_policy": [],
            "name": "terraform-2025021319130495050000000a",
            "name_prefix": "terraform-",
            "placement_group": "",
            "predicted_capacity": 0,
            "protect_from_scale_in": false,
            "service_linked_role_arn": "arn:aws:iam::014498645423:role/aws-service-role/autoscaling.amazonaws.com/AWSServiceRoleForAutoScaling",
            "suspended_processes": null,
            "tag": [
              {
                "key": "CreatedBy",
                "propagate_at_launch": true,
                "value": "Terraform"
              },
              {
                "key": "Name",
                "propagate_at_launch": true,
                "value": "DigitalBoost-Bastion-Server"
              }
            ],
            "target_group_arns": [],
            "termination_policies": null,
            "timeouts": null,
            "traffic_source": [],
            "vpc_zone_identifier": [
              "subnet-0cf4e9a0644061a7c",
              "subnet-0d71b218e233c2026"
            ],
            "wait_for_capacity_timeout": "10m",
            "wait_for_elb_capacity": null,
            "warm_pool": [],
            "warm_pool_size": 0
          },
          "sensitive_attributes": [],
          "private": "eyJlMmJmYjczMC1lY2FhLTExZTYtOGY4OC0zNDM2M2JjN2M0YzAiOnsiZGVsZXRlIjo2MDAwMDAwMDAwMDAsInVwZGF0ZSI6NjAwMDAwMDAwMDAwfSwic2NoZW1hX3ZlcnNpb24iOiIxIn0=",
          "dependencies": [
            "module.asg.aws_launch_template.bastion-lanch_template",
            "module.asg.data.aws_ami.ubuntu",
            "module.networking.aws_security_group.ssh-sg",
            "module.vpc.aws_subnet.public-subnets",
            "module.vpc.aws_vpc.main",
            "module.vpc.data.aws_availability_zones.AZs"
          ]
        }
      ]
    },
    {
      "module": "module.asg",
      "mode": "managed",
      "type": "aws_autoscaling_group",
      "name": "wp-asg",
      "provider": "provider[\"registry.terraform.io/hashicorp/aws\"]",
      "instances": [
        {
          "schema_version": 1,
          "attributes": {
            "arn": "arn:aws:autoscaling:us-east-1:014498645423:autoScalingGroup:ced6d721-4847-4fc9-9ef9-a58159a99aa4:autoScalingGroupName/terraform-2025021319130709630000000b",
            "availability_zone_distribution": [
              {
                "capacity_distribution_strategy": "balanced-best-effort"
              }
            ],
            "availability_zones": [
              "us-east-1a",
              "us-east-1b"
            ],
            "capacity_rebalance": false,
            "context": "",
            "default_cooldown": 300,
            "default_instance_warmup": 0,
            "desired_capacity": 2,
            "desired_capacity_type": "",
            "enabled_metrics": null,
            "force_delete": false,
            "force_delete_warm_pool": false,
            "health_check_grace_period": 500,
            "health_check_type": "ELB",
            "id": "terraform-2025021319130709630000000b",
            "ignore_failed_scaling_activities": false,
            "initial_lifecycle_hook": [],
            "instance_maintenance_policy": [],
            "instance_refresh": [],
            "launch_configuration": "",
            "launch_template": [
              {
                "id": "lt-0a4ba1e2fd7fb17bb",
                "name": "DigitalBoost-WordPress-Server",
                "version": "$Latest"
              }
            ],
            "load_balancers": [],
            "max_instance_lifetime": 0,
            "max_size": 3,
            "metrics_granularity": "1Minute",
            "min_elb_capacity": null,
            "min_size": 1,
            "mixed_instances_policy": [],
            "name": "terraform-2025021319130709630000000b",
            "name_prefix": "terraform-",
            "placement_group": "",
            "predicted_capacity": 0,
            "protect_from_scale_in": false,
            "service_linked_role_arn": "arn:aws:iam::014498645423:role/aws-service-role/autoscaling.amazonaws.com/AWSServiceRoleForAutoScaling",
            "suspended_processes": null,
            "tag": [
              {
                "key": "CreatedBy",
                "propagate_at_launch": true,
                "value": "Terraform"
              },
              {
                "key": "Name",
                "propagate_at_launch": true,
                "value": "DigitalBoost-WordPress-Server"
              }
            ],
            "target_group_arns": [
              "arn:aws:elasticloadbalancing:us-east-1:014498645423:targetgroup/DigitalBoost-WordPress-TG/8f11abfacc680430"
            ],
            "termination_policies": null,
            "timeouts": null,
            "traffic_source": [
              {
                "identifier": "arn:aws:elasticloadbalancing:us-east-1:014498645423:targetgroup/DigitalBoost-WordPress-TG/8f11abfacc680430",
                "type": "elbv2"
              }
            ],
            "vpc_zone_identifier": [
              "subnet-02d1814e6aab847ef",
              "subnet-0413fdbc6686c4453"
            ],
            "wait_for_capacity_timeout": "10m",
            "wait_for_elb_capacity": null,
            "warm_pool": [],
            "warm_pool_size": 0
          },
          "sensitive_attributes": [],
          "private": "eyJlMmJmYjczMC1lY2FhLTExZTYtOGY4OC0zNDM2M2JjN2M0YzAiOnsiZGVsZXRlIjo2MDAwMDAwMDAwMDAsInVwZGF0ZSI6NjAwMDAwMDAwMDAwfSwic2NoZW1hX3ZlcnNpb24iOiIxIn0=",
          "dependencies": [
            "module.alb.aws_lb_target_group.wp-tg",
            "module.asg.aws_iam_instance_profile.ec2_profile",
            "module.asg.aws_iam_role.wordpress_ec2_role",
            "module.asg.aws_launch_template.wp-lanch_template",
            "module.asg.data.aws_ami.ubuntu",
            "module.asg.random_string.suffix",
            "module.networking.aws_security_group.wp-vpc-sg",
            "module.vpc.aws_subnet.private-subnets",
            "module.vpc.aws_vpc.main",
            "module.vpc.data.aws_availability_zones.AZs"
          ]
        }
      ]
    },
    {
      "module": "module.asg",
      "mode": "managed",
      "type": "aws_autoscaling_policy",
      "name": "target_tracking",
      "provider": "provider[\"registry.terraform.io/hashicorp/aws\"]",
      "instances": [
        {
          "schema_version": 0,
          "attributes": {
            "adjustment_type": "",
            "arn": "arn:aws:autoscaling:us-east-1:014498645423:scalingPolicy:b211a684-2a06-402b-af0b-15b542416a87:autoScalingGroupName/terraform-2025021319130709630000000b:policyName/target-tracking",
            "autoscaling_group_name": "terraform-2025021319130709630000000b",
            "cooldown": 0,
            "enabled": true,
            "estimated_instance_warmup": 0,
            "id": "target-tracking",
            "metric_aggregation_type": "",
            "min_adjustment_magnitude": 0,
            "name": "target-tracking",
            "policy_type": "TargetTrackingScaling",
            "predictive_scaling_configuration": [],
            "scaling_adjustment": 0,
            "step_adjustment": [],
            "target_tracking_configuration": [
              {
                "customized_metric_specification": [],
                "disable_scale_in": false,
                "predefined_metric_specification": [
                  {
                    "predefined_metric_type": "ASGAverageCPUUtilization",
                    "resource_label": ""
                  }
                ],
                "target_value": 50
              }
            ]
          },
          "sensitive_attributes": [],
          "private": "bnVsbA==",
          "dependencies": [
            "module.alb.aws_lb_target_group.wp-tg",
            "module.asg.aws_autoscaling_group.wp-asg",
            "module.asg.aws_iam_instance_profile.ec2_profile",
            "module.asg.aws_iam_role.wordpress_ec2_role",
            "module.asg.aws_launch_template.wp-lanch_template",
            "module.asg.data.aws_ami.ubuntu",
            "module.asg.random_string.suffix",
            "module.networking.aws_security_group.wp-vpc-sg",
            "module.vpc.aws_subnet.private-subnets",
            "module.vpc.aws_vpc.main",
            "module.vpc.data.aws_availability_zones.AZs"
          ]
        }
      ]
    },
    {
      "module": "module.asg",
      "mode": "managed",
      "type": "aws_iam_instance_profile",
      "name": "ec2_profile",
      "provider": "provider[\"registry.terraform.io/hashicorp/aws\"]",
      "instances": [
        {
          "schema_version": 0,
          "attributes": {
            "arn": "arn:aws:iam::014498645423:instance-profile/wordpress_profile_ssm_access_mfcin3",
            "create_date": "2025-02-13T19:15:46Z",
            "id": "wordpress_profile_ssm_access_mfcin3",
            "name": "wordpress_profile_ssm_access_mfcin3",
            "name_prefix": "",
            "path": "/",
            "role": "wordpress_role_for_ssm_access",
            "tags": null,
            "tags_all": {},
            "unique_id": "AIPAQGYBPYWXZGBDDICM5"
          },
          "sensitive_attributes": [],
          "private": "bnVsbA==",
          "dependencies": [
            "module.asg.aws_iam_role.wordpress_ec2_role",
            "module.asg.random_string.suffix"
          ]
        }
      ]
    },
    {
      "module": "module.asg",
      "mode": "managed",
      "type": "aws_iam_role",
      "name": "wordpress_ec2_role",
      "provider": "provider[\"registry.terraform.io/hashicorp/aws\"]",
      "instances": [
        {
          "schema_version": 0,
          "attributes": {
            "arn": "arn:aws:iam::014498645423:role/wordpress_role_for_ssm_access",
            "assume_role_policy": "{\"Statement\":[{\"Action\":\"sts:AssumeRole\",\"Effect\":\"Allow\",\"Principal\":{\"Service\":\"ec2.amazonaws.com\"}}],\"Version\":\"2012-10-17\"}",
            "create_date": "2025-02-13T19:15:45Z",
            "description": "",
            "force_detach_policies": false,
            "id": "wordpress_role_for_ssm_access",
            "inline_policy": [],
            "managed_policy_arns": [],
            "max_session_duration": 3600,
            "name": "wordpress_role_for_ssm_access",
            "name_prefix": "",
            "path": "/",
            "permissions_boundary": "",
            "tags": null,
            "tags_all": {},
            "unique_id": "AROAQGYBPYWX4LE2VX44Q"
          },
          "sensitive_attributes": [],
          "private": "bnVsbA=="
        }
      ]
    },
    {
      "module": "module.asg",
      "mode": "managed",
      "type": "aws_iam_role_policy_attachment",
      "name": "ssm_policy",
      "provider": "provider[\"registry.terraform.io/hashicorp/aws\"]",
      "instances": [
        {
          "schema_version": 0,
          "attributes": {
            "id": "wordpress_role_for_ssm_access-20250213191239783300000002",
            "policy_arn": "arn:aws:iam::aws:policy/AmazonSSMReadOnlyAccess",
            "role": "wordpress_role_for_ssm_access"
          },
          "sensitive_attributes": [],
          "private": "bnVsbA==",
          "dependencies": [
            "module.asg.aws_iam_role.wordpress_ec2_role"
          ]
        }
      ]
    },
    {
      "module": "module.asg",
      "mode": "managed",
      "type": "aws_launch_template",
      "name": "bastion-lanch_template",
      "provider": "provider[\"registry.terraform.io/hashicorp/aws\"]",
      "instances": [
        {
          "schema_version": 0,
          "attributes": {
            "arn": "arn:aws:ec2:us-east-1:014498645423:launch-template/lt-07a7595a89d4f4bb3",
            "block_device_mappings": [
              {
                "device_name": "/dev/sda1",
                "ebs": [
                  {
                    "delete_on_termination": "",
                    "encrypted": "",
                    "iops": 0,
                    "kms_key_id": "",
                    "snapshot_id": "",
                    "throughput": 0,
                    "volume_size": 20,
                    "volume_type": "gp2"
                  }
                ],
                "no_device": "",
                "virtual_name": ""
              }
            ],
            "capacity_reservation_specification": [],
            "cpu_options": [],
            "credit_specification": [],
            "default_version": 1,
            "description": "",
            "disable_api_stop": false,
            "disable_api_termination": false,
            "ebs_optimized": "",
            "elastic_gpu_specifications": [],
            "elastic_inference_accelerator": [],
            "enclave_options": [],
            "hibernation_options": [],
            "iam_instance_profile": [],
            "id": "lt-07a7595a89d4f4bb3",
            "image_id": "ami-0e1bed4f06a3b463d",
            "instance_initiated_shutdown_behavior": "terminate",
            "instance_market_options": [],
            "instance_requirements": [],
            "instance_type": "t2.micro",
            "kernel_id": "",
            "key_name": "wp-key",
            "latest_version": 1,
            "license_specification": [],
            "maintenance_options": [],
            "metadata_options": [],
            "monitoring": [
              {
                "enabled": true
              }
            ],
            "name": "DigitalBoost-Bastion-Server",
            "name_prefix": "",
            "network_interfaces": [],
            "placement": [
              {
                "affinity": "",
                "availability_zone": "us-east-1a",
                "group_name": "",
                "host_id": "",
                "host_resource_group_arn": "",
                "partition_number": 0,
                "spread_domain": "",
                "tenancy": ""
              }
            ],
            "private_dns_name_options": [],
            "ram_disk_id": "",
            "security_group_names": null,
            "tag_specifications": [
              {
                "resource_type": "instance",
                "tags": {
                  "CreatedBy": "Terraform",
                  "Name": "DigitalBoost-Bastion-Server"
                }
              }
            ],
            "tags": null,
            "tags_all": {},
            "update_default_version": null,
            "user_data": "IyEvYmluL2Jhc2gNCg0KIyBVcGRhdGUgdGhlIHBhY2thZ2UgbGlzdCB0byBlbnN1cmUgd2UgaGF2ZSB0aGUgbGF0ZXN0IGluZm9ybWF0aW9uIG9uIGF2YWlsYWJsZSBwYWNrYWdlcw0Kc3VkbyBhcHQgdXBkYXRlIC15DQoNCiMgSW5zdGFsbCB0aGUgQXBhY2hlMiB3ZWIgc2VydmVyDQpzdWRvIGFwdCBpbnN0YWxsIGFwYWNoZTIgLXkNCg0KIyBTdGFydCB0aGUgQXBhY2hlMiBzZXJ2aWNlIHRvIGJlZ2luIHNlcnZpbmcgd2ViIHBhZ2VzDQpzdWRvIHN5c3RlbWN0bCBzdGFydCBhcGFjaGUyDQoNCiMgRW5hYmxlIHRoZSBBcGFjaGUyIHNlcnZpY2UgdG8gc3RhcnQgYXV0b21hdGljYWxseSBvbiBzeXN0ZW0gYm9vdA0Kc3VkbyBzeXN0ZW1jdGwgZW5hYmxlIGFwYWNoZTINCg0KIyBPdXRwdXQgYSBzaW1wbGUgSFRNTCBtZXNzYWdlIHRvIHRoZSBkZWZhdWx0IHdlYiBwYWdlDQplY2hvICI8aDE+IEhlbGxvIFdvcmxkIDwvaDE+Ig0K",
            "vpc_security_group_ids": [
              "sg-033f0909b00974221"
            ]
          },
          "sensitive_attributes": [],
          "private": "bnVsbA==",
          "dependencies": [
            "module.asg.data.aws_ami.ubuntu",
            "module.networking.aws_security_group.ssh-sg",
            "module.vpc.aws_vpc.main"
          ]
        }
      ]
    },
    {
      "module": "module.asg",
      "mode": "managed",
      "type": "aws_launch_template",
      "name": "wp-lanch_template",
      "provider": "provider[\"registry.terraform.io/hashicorp/aws\"]",
      "instances": [
        {
          "schema_version": 0,
          "attributes": {
            "arn": "arn:aws:ec2:us-east-1:014498645423:launch-template/lt-0a4ba1e2fd7fb17bb",
            "block_device_mappings": [
              {
                "device_name": "/dev/sda1",
                "ebs": [
                  {
                    "delete_on_termination": "",
                    "encrypted": "",
                    "iops": 0,
                    "kms_key_id": "",
                    "snapshot_id": "",
                    "throughput": 0,
                    "volume_size": 30,
                    "volume_type": "gp2"
                  }
                ],
                "no_device": "",
                "virtual_name": ""
              }
            ],
            "capacity_reservation_specification": [],
            "cpu_options": [],
            "credit_specification": [],
            "default_version": 1,
            "description": "",
            "disable_api_stop": false,
            "disable_api_termination": false,
            "ebs_optimized": "",
            "elastic_gpu_specifications": [],
            "elastic_inference_accelerator": [],
            "enclave_options": [],
            "hibernation_options": [],
            "iam_instance_profile": [
              {
                "arn": "",
                "name": "wordpress_profile_ssm_access_mfcin3"
              }
            ],
            "id": "lt-0a4ba1e2fd7fb17bb",
            "image_id": "ami-0e1bed4f06a3b463d",
            "instance_initiated_shutdown_behavior": "",
            "instance_market_options": [],
            "instance_requirements": [],
            "instance_type": "t2.micro",
            "kernel_id": "",
            "key_name": "wp-key",
            "latest_version": 1,
            "license_specification": [],
            "maintenance_options": [],
            "metadata_options": [],
            "monitoring": [
              {
                "enabled": true
              }
            ],
            "name": "DigitalBoost-WordPress-Server",
            "name_prefix": "",
            "network_interfaces": [],
            "placement": [
              {
                "affinity": "",
                "availability_zone": "us-east-1a",
                "group_name": "",
                "host_id": "",
                "host_resource_group_arn": "",
                "partition_number": 0,
                "spread_domain": "",
                "tenancy": ""
              }
            ],
            "private_dns_name_options": [],
            "ram_disk_id": "",
            "security_group_names": null,
            "tag_specifications": [
              {
                "resource_type": "instance",
                "tags": {
                  "CreatedBy": "Terraform",
                  "Name": "DigitalBoost-WordPress-Server"
                }
              }
            ],
            "tags": null,
            "tags_all": {},
            "update_default_version": null,
            "user_data": "IyEvYmluL2Jhc2gNCg0KIyBGdW5jdGlvbiB0byBsb2cgbWVzc2FnZXMNCmxvZ19tZXNzYWdlKCkgew0KICAgIGVjaG8gIlskKGRhdGUgJyslWS0lbS0lZCAlSDolTTolUycpXSAkMSIgfCB0ZWUgLWEgL3RtcC93b3JkcHJlc3NfaW5zdGFsbF9sb2cudHh0DQp9DQoNCiMgRnVuY3Rpb24gdG8gaGFuZGxlIGVycm9ycw0KaGFuZGxlX2Vycm9yKCkgew0KICAgIGlmIFsgJD8gLW5lIDAgXTsgdGhlbg0KICAgICAgICBsb2dfbWVzc2FnZSAiJDEgZmFpbGVkLiBFeGl0aW5nIHNjcmlwdC4iDQogICAgICAgIGV4aXQgMQ0KICAgIGZpDQp9DQoNCmxvZ19tZXNzYWdlICJTdGFydGluZyBXb3JkUHJlc3MgaW5zdGFsbGF0aW9uIHNjcmlwdCINCg0KIyBJbnN0YWxsIHJlcXVpcmVkIHBhY2thZ2VzIGluY2x1ZGluZyBBV1MgQ0xJDQpsb2dfbWVzc2FnZSAiSW5zdGFsbGluZyByZXF1aXJlZCBwYWNrYWdlcyINCnN1ZG8gYXB0LWdldCB1cGRhdGUgLXkNCnN1ZG8gYXB0LWdldCBpbnN0YWxsIC15IG15c3FsLWNsaWVudCBhcGFjaGUyIHBocCBsaWJhcGFjaGUyLW1vZC1waHAgcGhwLW15c3FsIHBocC1jdXJsIHBocC1nZCBwaHAtbWJzdHJpbmcgcGhwLXhtbCBwaHAteG1scnBjIHBocC1zb2FwIHBocC1pbnRsIHBocC16aXAgYXdzY2xpDQpoYW5kbGVfZXJyb3IgIkluc3RhbGxpbmcgcmVxdWlyZWQgcGFja2FnZXMiDQoNCiMgRmV0Y2ggUkRTIGVuZHBvaW50IGZyb20gQVdTIFNTTSBQYXJhbWV0ZXIgU3RvcmUNCmxvZ19tZXNzYWdlICJGZXRjaGluZyBSRFMgZW5kcG9pbnQgZnJvbSBBV1MgU1NNIFBhcmFtZXRlciBTdG9yZSINClJEU19FTkRQT0lOVD0kKGF3cyBzc20gZ2V0LXBhcmFtZXRlciAtLW5hbWUgIi93b3JkcHJlc3MvcmRzX2VuZHBvaW50IiAtLXF1ZXJ5ICJQYXJhbWV0ZXIuVmFsdWUiIC0tb3V0cHV0IHRleHQgLS1yZWdpb24gdXMtZWFzdC0xKQ0KaGFuZGxlX2Vycm9yICJGZXRjaGluZyBSRFMgZW5kcG9pbnQiDQoNCiMgRXh0cmFjdCBSRFMgaG9zdG5hbWUgYW5kIHBvcnQgbnVtYmVyIHNlcGFyYXRlbHkNCk1ZU1FMX0hPU1Q9JChlY2hvICRSRFNfRU5EUE9JTlQgfCBjdXQgLWQnOicgLWYxKQ0KTVlTUUxfUE9SVD0kKGVjaG8gJFJEU19FTkRQT0lOVCB8IGN1dCAtZCc6JyAtZjIpDQpsb2dfbWVzc2FnZSAiUkRTIEhvc3Q6ICRNWVNRTF9IT1NULCBQb3J0OiAkTVlTUUxfUE9SVCINCg0KTVlTUUxfVVNFUj0iJHtNWVNRTF9VU0VSOi13b3JkcHJlc3N9Ig0KTVlTUUxfUEFTU1dPUkQ9IiR7TVlTUUxfUEFTU1dPUkQ6LXdvcmQxcHJlc3MyIX0iDQpNWVNRTF9EQVRBQkFTRT0iJHtNWVNRTF9EQVRBQkFTRTotd29yZHByZXNzREJ9Ig0KDQojIFNldCB1cCBNeVNRTCBkYXRhYmFzZQ0KbG9nX21lc3NhZ2UgIlNldHRpbmcgdXAgTXlTUUwgZGF0YWJhc2UiDQpteXNxbCAtaCAkTVlTUUxfSE9TVCAtUCAkTVlTUUxfUE9SVCAtdSAkTVlTUUxfVVNFUiAtcCRNWVNRTF9QQVNTV09SRCA8PE1ZU1FMX1NDUklQVA0KQ1JFQVRFIERBVEFCQVNFIElGIE5PVCBFWElTVFMgJHtNWVNRTF9EQVRBQkFTRX07DQpHUkFOVCBBTEwgUFJJVklMRUdFUyBPTiAke01ZU1FMX0RBVEFCQVNFfS4qIFRPICcke01ZU1FMX1VTRVJ9J0AnJSc7DQpGTFVTSCBQUklWSUxFR0VTOw0KTVlTUUxfU0NSSVBUDQpoYW5kbGVfZXJyb3IgIkRhdGFiYXNlIHNldHVwIg0KbG9nX21lc3NhZ2UgIkRhdGFiYXNlIHNldHVwIGNvbXBsZXRlZCINCg0KIyBEb3dubG9hZCBhbmQgc2V0IHVwIFdvcmRQcmVzcw0KbG9nX21lc3NhZ2UgIkRvd25sb2FkaW5nIGFuZCBzZXR0aW5nIHVwIFdvcmRQcmVzcyINCnN1ZG8gd2dldCBodHRwczovL3dvcmRwcmVzcy5vcmcvbGF0ZXN0LnRhci5neiAtTyAvdG1wL2xhdGVzdC50YXIuZ3oNCmhhbmRsZV9lcnJvciAiRG93bmxvYWRpbmcgV29yZFByZXNzIg0KDQpzdWRvIHRhciB4emYgL3RtcC9sYXRlc3QudGFyLmd6IC1DIC90bXAvDQpoYW5kbGVfZXJyb3IgIkV4dHJhY3RpbmcgV29yZFByZXNzIg0KDQpzdWRvIHJzeW5jIC1hdlAgL3RtcC93b3JkcHJlc3MvIC92YXIvd3d3L2h0bWwvDQpoYW5kbGVfZXJyb3IgIkNvcHlpbmcgV29yZFByZXNzIGZpbGVzIg0KDQpzdWRvIHJtIC1mIC92YXIvd3d3L2h0bWwvaW5kZXguaHRtbA0KDQpjZCAvdmFyL3d3dy9odG1sLw0Kc3VkbyBjcCB3cC1jb25maWctc2FtcGxlLnBocCB3cC1jb25maWcucGhwDQpoYW5kbGVfZXJyb3IgIkNvcHlpbmcgd3AtY29uZmlnLnBocCINCg0KIyBVcGRhdGUgd3AtY29uZmlnLnBocCB3aXRoIGRhdGFiYXNlIHNldHRpbmdzDQpsb2dfbWVzc2FnZSAiVXBkYXRpbmcgd3AtY29uZmlnLnBocCINCnN1ZG8gc2VkIC1pICJzL2RhdGFiYXNlX25hbWVfaGVyZS8ke01ZU1FMX0RBVEFCQVNFfS8iIHdwLWNvbmZpZy5waHANCnN1ZG8gc2VkIC1pICJzL3VzZXJuYW1lX2hlcmUvJHtNWVNRTF9VU0VSfS8iIHdwLWNvbmZpZy5waHANCnN1ZG8gc2VkIC1pICJzL3Bhc3N3b3JkX2hlcmUvJHtNWVNRTF9QQVNTV09SRH0vIiB3cC1jb25maWcucGhwDQpzdWRvIHNlZCAtaSAicy8nbG9jYWxob3N0Jy8nJHtNWVNRTF9IT1NUfScvIiB3cC1jb25maWcucGhwDQpoYW5kbGVfZXJyb3IgIlVwZGF0aW5nIHdwLWNvbmZpZy5waHAgd2l0aCBkYXRhYmFzZSBzZXR0aW5ncyINCg0KIyBBZGQgc2FsdCBrZXlzIHRvIHdwLWNvbmZpZy5waHANCmxvZ19tZXNzYWdlICJBZGRpbmcgc2VjdXJpdHkga2V5cyB0byB3cC1jb25maWcucGhwIg0Kc3VkbyBjdXJsIC1zIGh0dHBzOi8vYXBpLndvcmRwcmVzcy5vcmcvc2VjcmV0LWtleS8xLjEvc2FsdC8gfCBzdWRvIHRlZSAtYSB3cC1jb25maWcucGhwID4gL2Rldi9udWxsDQpoYW5kbGVfZXJyb3IgIkZldGNoaW5nIFdvcmRQcmVzcyBzYWx0IGtleXMiDQoNCiMgU2V0IHBlcm1pc3Npb25zDQpsb2dfbWVzc2FnZSAiU2V0dGluZyBwZXJtaXNzaW9ucyBvbiAvdmFyL3d3dy9odG1sLyINCnN1ZG8gY2hvd24gLVIgd3d3LWRhdGE6d3d3LWRhdGEgL3Zhci93d3cvaHRtbC8NCnN1ZG8gZmluZCAvdmFyL3d3dy9odG1sIC10eXBlIGQgLWV4ZWMgY2htb2QgNzU1IHt9IFw7DQpzdWRvIGZpbmQgL3Zhci93d3cvaHRtbCAtdHlwZSBmIC1leGVjIGNobW9kIDY0NCB7fSBcOw0KbG9nX21lc3NhZ2UgIlBlcm1pc3Npb25zIHNldCINCg0KIyBDb25maWd1cmUgQXBhY2hlDQpsb2dfbWVzc2FnZSAiQ29uZmlndXJpbmcgQXBhY2hlIg0Kc3VkbyBzZWQgLWkgJy88RGlyZWN0b3J5IFwvdmFyXC93d3dcLz4vLC88XC9EaXJlY3Rvcnk+LyBzL0FsbG93T3ZlcnJpZGUgTm9uZS9BbGxvd092ZXJyaWRlIEFsbC8nIC9ldGMvYXBhY2hlMi9hcGFjaGUyLmNvbmYNCmhhbmRsZV9lcnJvciAiVXBkYXRpbmcgQXBhY2hlIGNvbmZpZ3VyYXRpb24iDQoNCnN1ZG8gc3lzdGVtY3RsIHJlc3RhcnQgYXBhY2hlMg0KaGFuZGxlX2Vycm9yICJSZXN0YXJ0aW5nIEFwYWNoZSINCmxvZ19tZXNzYWdlICJBcGFjaGUgY29uZmlndXJlZCBhbmQgcmVzdGFydGVkIg0KDQojIEhlYWx0aCBjaGVjayBzY3JpcHQNCmxvZ19tZXNzYWdlICJDcmVhdGluZyBoZWFsdGggY2hlY2sgc2NyaXB0Ig0KY2F0IDw8RU9GIHwgc3VkbyB0ZWUgL3Zhci93d3cvaHRtbC9oZWFsdGgucGhwDQo8P3BocA0KcmVxdWlyZV9vbmNlKCd3cC1jb25maWcucGhwJyk7DQoNClwkY29ubiA9IG5ldyBteXNxbGkoREJfSE9TVCwgREJfVVNFUiwgREJfUEFTU1dPUkQsIERCX05BTUUpOw0KaWYgKFwkY29ubi0+Y29ubmVjdF9lcnJvcikgew0KICAgIGhlYWRlcigiSFRUUC8xLjEgNTAwIEludGVybmFsIFNlcnZlciBFcnJvciIpOw0KICAgIGVjaG8gIkRhdGFiYXNlIGNvbm5lY3Rpb24gZmFpbGVkOiAiIC4gXCRjb25uLT5jb25uZWN0X2Vycm9yOw0KfSBlbHNlIHsNCiAgICBlY2hvICJBbHJpZ2h0IFNwYXJreSEgRGF0YWJhc2UgQ29ubmVjdGlvbiBTdWNjZXNzZnVsISI7DQp9DQpcJGNvbm4tPmNsb3NlKCk7DQo/Pg0KRU9GDQoNCmxvZ19tZXNzYWdlICJIZWFsdGggY2hlY2sgc2NyaXB0IGNyZWF0ZWQiDQoNCmxvZ19tZXNzYWdlICJXb3JkUHJlc3MgaW5zdGFsbGF0aW9uIHNjcmlwdCBjb21wbGV0ZWQiDQoNCiMgQ29tcGxldGlvbiBtZXNzYWdlDQplY2hvICJXb3JkUHJlc3MgaW5zdGFsbGF0aW9uIGlzIGNvbXBsZXRlLiBWaXNpdCB5b3VyIHNlcnZlcidzIHB1YmxpYyBJUCB0byBjb21wbGV0ZSB0aGUgaW5zdGFsbGF0aW9uLiINCmVjaG8gIkhlYWx0aCBjaGVjayBwYWdlIGlzIGF2YWlsYWJsZSBhdDogaHR0cDovL3lvdXItc2VydmVyLWlwL2hlYWx0aC5waHAiDQplY2hvICJJbnN0YWxsYXRpb24gbG9nIGF2YWlsYWJsZSBhdDogL3RtcC93b3JkcHJlc3NfaW5zdGFsbF9sb2cudHh0Ig0K",
            "vpc_security_group_ids": [
              "sg-007adfdfea4c513d0"
            ]
          },
          "sensitive_attributes": [],
          "private": "bnVsbA==",
          "dependencies": [
            "module.asg.aws_iam_instance_profile.ec2_profile",
            "module.asg.aws_iam_role.wordpress_ec2_role",
            "module.asg.data.aws_ami.ubuntu",
            "module.asg.random_string.suffix",
            "module.networking.aws_security_group.wp-vpc-sg",
            "module.vpc.aws_vpc.main"
          ]
        }
      ]
    },
    {
      "module": "module.asg",
      "mode": "managed",
      "type": "random_string",
      "name": "suffix",
      "provider": "provider[\"registry.terraform.io/hashicorp/random\"]",
      "instances": [
        {
          "schema_version": 2,
          "attributes": {
            "id": "mfcin3",
            "keepers": null,
            "length": 6,
            "lower": true,
            "min_lower": 0,
            "min_numeric": 0,
            "min_special": 0,
            "min_upper": 0,
            "number": true,
            "numeric": true,
            "override_special": null,
            "result": "mfcin3",
            "special": false,
            "upper": false
          },
          "sensitive_attributes": []
        }
      ]
    },
    {
      "module": "module.dynamodb",
      "mode": "managed",
      "type": "aws_dynamodb_table",
      "name": "wordpress-terraform-lock",
      "provider": "provider[\"registry.terraform.io/hashicorp/aws\"]",
      "instances": [
        {
          "schema_version": 1,
          "attributes": {
            "arn": "arn:aws:dynamodb:us-east-1:014498645423:table/wordpress-dynamodb",
            "attribute": [
              {
                "name": "LockID",
                "type": "S"
              }
            ],
            "billing_mode": "PAY_PER_REQUEST",
            "deletion_protection_enabled": false,
            "global_secondary_index": [],
            "hash_key": "LockID",
            "id": "wordpress-dynamodb",
            "import_table": [],
            "local_secondary_index": [],
            "name": "wordpress-dynamodb",
            "on_demand_throughput": [],
            "point_in_time_recovery": [
              {
                "enabled": false
              }
            ],
            "range_key": null,
            "read_capacity": 0,
            "replica": [],
            "restore_date_time": null,
            "restore_source_name": null,
            "restore_source_table_arn": null,
            "restore_to_latest_time": null,
            "server_side_encryption": [],
            "stream_arn": "",
            "stream_enabled": false,
            "stream_label": "",
            "stream_view_type": "",
            "table_class": "STANDARD",
            "tags": {
              "Name": "DigitalBoost-dynamodb-lock-table"
            },
            "tags_all": {
              "Name": "DigitalBoost-dynamodb-lock-table"
            },
            "timeouts": null,
            "ttl": [
              {
                "attribute_name": "",
                "enabled": false
              }
            ],
            "write_capacity": 0
          },
          "sensitive_attributes": [],
          "private": "eyJlMmJmYjczMC1lY2FhLTExZTYtOGY4OC0zNDM2M2JjN2M0YzAiOnsiY3JlYXRlIjoxODAwMDAwMDAwMDAwLCJkZWxldGUiOjYwMDAwMDAwMDAwMCwidXBkYXRlIjozNjAwMDAwMDAwMDAwfSwic2NoZW1hX3ZlcnNpb24iOiIxIn0="
        }
      ]
    },
    {
      "module": "module.efs",
      "mode": "managed",
      "type": "aws_efs_access_point",
      "name": "wordpress",
      "provider": "provider[\"registry.terraform.io/hashicorp/aws\"]",
      "instances": [
        {
          "schema_version": 0,
          "attributes": {
            "arn": "arn:aws:elasticfilesystem:us-east-1:014498645423:access-point/fsap-0c3dba2e032842c94",
            "file_system_arn": "arn:aws:elasticfilesystem:us-east-1:014498645423:file-system/fs-0fc3a645be14fed6e",
            "file_system_id": "fs-0fc3a645be14fed6e",
            "id": "fsap-0c3dba2e032842c94",
            "owner_id": "014498645423",
            "posix_user": [
              {
                "gid": 0,
                "secondary_gids": null,
                "uid": 0
              }
            ],
            "root_directory": [
              {
                "creation_info": [
                  {
                    "owner_gid": 0,
                    "owner_uid": 0,
                    "permissions": "755"
                  }
                ],
                "path": "/wordpress"
              }
            ],
            "tags": null,
            "tags_all": {}
          },
          "sensitive_attributes": [],
          "private": "bnVsbA==",
          "dependencies": [
            "module.efs.aws_efs_file_system.wp-efs",
            "module.efs.aws_kms_key.wp_efs_kms"
          ]
        }
      ]
    },
    {
      "module": "module.efs",
      "mode": "managed",
      "type": "aws_efs_file_system",
      "name": "wp-efs",
      "provider": "provider[\"registry.terraform.io/hashicorp/aws\"]",
      "instances": [
        {
          "schema_version": 0,
          "attributes": {
            "arn": "arn:aws:elasticfilesystem:us-east-1:014498645423:file-system/fs-0fc3a645be14fed6e",
            "availability_zone_id": "",
            "availability_zone_name": "",
            "creation_token": "efs-for-wordpress",
            "dns_name": "fs-0fc3a645be14fed6e.efs.us-east-1.amazonaws.com",
            "encrypted": true,
            "id": "fs-0fc3a645be14fed6e",
            "kms_key_id": "arn:aws:kms:us-east-1:014498645423:key/d279c512-c84f-4d3b-af8e-a24ee8f084d8",
            "lifecycle_policy": [
              {
                "transition_to_archive": "",
                "transition_to_ia": "AFTER_30_DAYS",
                "transition_to_primary_storage_class": ""
              }
            ],
            "name": "DigitalBoost-EFS-for-WordPress",
            "number_of_mount_targets": 0,
            "owner_id": "014498645423",
            "performance_mode": "generalPurpose",
            "protection": [
              {
                "replication_overwrite": "ENABLED"
              }
            ],
            "provisioned_throughput_in_mibps": 0,
            "size_in_bytes": [
              {
                "value": 6144,
                "value_in_ia": 0,
                "value_in_standard": 6144
              }
            ],
            "tags": {
              "Name": "DigitalBoost-EFS-for-WordPress"
            },
            "tags_all": {
              "Name": "DigitalBoost-EFS-for-WordPress"
            },
            "throughput_mode": "bursting"
          },
          "sensitive_attributes": [],
          "private": "bnVsbA==",
          "dependencies": [
            "module.efs.aws_kms_key.wp_efs_kms"
          ]
        }
      ]
    },
    {
      "module": "module.efs",
      "mode": "managed",
      "type": "aws_efs_mount_target",
      "name": "mnt-subnet-1",
      "provider": "provider[\"registry.terraform.io/hashicorp/aws\"]",
      "instances": [
        {
          "schema_version": 0,
          "attributes": {
            "availability_zone_id": "use1-az2",
            "availability_zone_name": "us-east-1a",
            "dns_name": "fs-0fc3a645be14fed6e.efs.us-east-1.amazonaws.com",
            "file_system_arn": "arn:aws:elasticfilesystem:us-east-1:014498645423:file-system/fs-0fc3a645be14fed6e",
            "file_system_id": "fs-0fc3a645be14fed6e",
            "id": "fsmt-0784e6efcd0a9c834",
            "ip_address": "10.0.4.98",
            "mount_target_dns_name": "us-east-1a.fs-0fc3a645be14fed6e.efs.us-east-1.amazonaws.com",
            "network_interface_id": "eni-0ed90af2c7bd04ede",
            "owner_id": "014498645423",
            "security_groups": [
              "sg-021d8c24577a5461d"
            ],
            "subnet_id": "subnet-0917495dca13765c5",
            "timeouts": null
          },
          "sensitive_attributes": [],
          "private": "eyJlMmJmYjczMC1lY2FhLTExZTYtOGY4OC0zNDM2M2JjN2M0YzAiOnsiY3JlYXRlIjoxODAwMDAwMDAwMDAwLCJkZWxldGUiOjYwMDAwMDAwMDAwMH19",
          "dependencies": [
            "module.efs.aws_efs_file_system.wp-efs",
            "module.efs.aws_kms_key.wp_efs_kms",
            "module.networking.aws_security_group.wp-efs-sg",
            "module.vpc.aws_subnet.private-subnets",
            "module.vpc.aws_vpc.main",
            "module.vpc.data.aws_availability_zones.AZs"
          ]
        }
      ]
    },
    {
      "module": "module.efs",
      "mode": "managed",
      "type": "aws_efs_mount_target",
      "name": "mnt-subnet-2",
      "provider": "provider[\"registry.terraform.io/hashicorp/aws\"]",
      "instances": [
        {
          "schema_version": 0,
          "attributes": {
            "availability_zone_id": "use1-az4",
            "availability_zone_name": "us-east-1b",
            "dns_name": "fs-0fc3a645be14fed6e.efs.us-east-1.amazonaws.com",
            "file_system_arn": "arn:aws:elasticfilesystem:us-east-1:014498645423:file-system/fs-0fc3a645be14fed6e",
            "file_system_id": "fs-0fc3a645be14fed6e",
            "id": "fsmt-09ff876e8337d3005",
            "ip_address": "10.0.5.52",
            "mount_target_dns_name": "us-east-1b.fs-0fc3a645be14fed6e.efs.us-east-1.amazonaws.com",
            "network_interface_id": "eni-0ca3b8dea63ee0a95",
            "owner_id": "014498645423",
            "security_groups": [
              "sg-021d8c24577a5461d"
            ],
            "subnet_id": "subnet-0751c5eb7014676d3",
            "timeouts": null
          },
          "sensitive_attributes": [],
          "private": "eyJlMmJmYjczMC1lY2FhLTExZTYtOGY4OC0zNDM2M2JjN2M0YzAiOnsiY3JlYXRlIjoxODAwMDAwMDAwMDAwLCJkZWxldGUiOjYwMDAwMDAwMDAwMH19",
          "dependencies": [
            "module.efs.aws_efs_file_system.wp-efs",
            "module.efs.aws_kms_key.wp_efs_kms",
            "module.networking.aws_security_group.wp-efs-sg",
            "module.vpc.aws_subnet.private-subnets",
            "module.vpc.aws_vpc.main",
            "module.vpc.data.aws_availability_zones.AZs"
          ]
        }
      ]
    },
    {
      "module": "module.efs",
      "mode": "managed",
      "type": "aws_kms_alias",
      "name": "wp_kms_alias",
      "provider": "provider[\"registry.terraform.io/hashicorp/aws\"]",
      "instances": [
        {
          "schema_version": 0,
          "attributes": {
            "arn": "arn:aws:kms:us-east-1:014498645423:alias/wp-efs-kms-pd45pl",
            "id": "alias/wp-efs-kms-pd45pl",
            "name": "alias/wp-efs-kms-pd45pl",
            "name_prefix": "",
            "target_key_arn": "arn:aws:kms:us-east-1:014498645423:key/d279c512-c84f-4d3b-af8e-a24ee8f084d8",
            "target_key_id": "d279c512-c84f-4d3b-af8e-a24ee8f084d8"
          },
          "sensitive_attributes": [],
          "private": "bnVsbA==",
          "dependencies": [
            "module.efs.aws_kms_key.wp_efs_kms",
            "module.efs.random_string.suffix"
          ]
        }
      ]
    },
    {
      "module": "module.efs",
      "mode": "managed",
      "type": "aws_kms_key",
      "name": "wp_efs_kms",
      "provider": "provider[\"registry.terraform.io/hashicorp/aws\"]",
      "instances": [
        {
          "schema_version": 0,
          "attributes": {
            "arn": "arn:aws:kms:us-east-1:014498645423:key/d279c512-c84f-4d3b-af8e-a24ee8f084d8",
            "bypass_policy_lockout_safety_check": false,
            "custom_key_store_id": "",
            "customer_master_key_spec": "SYMMETRIC_DEFAULT",
            "deletion_window_in_days": 10,
            "description": "KMS key for EFS encryption",
            "enable_key_rotation": false,
            "id": "d279c512-c84f-4d3b-af8e-a24ee8f084d8",
            "is_enabled": true,
            "key_id": "d279c512-c84f-4d3b-af8e-a24ee8f084d8",
            "key_usage": "ENCRYPT_DECRYPT",
            "multi_region": false,
            "policy": "{\"Id\":\"key-default-1\",\"Statement\":[{\"Action\":\"kms:*\",\"Effect\":\"Allow\",\"Principal\":{\"AWS\":\"arn:aws:iam::014498645423:root\"},\"Resource\":\"*\",\"Sid\":\"Enable IAM User Permissions\"}],\"Version\":\"2012-10-17\"}",
            "rotation_period_in_days": 0,
            "tags": {
              "Name": "DigitalBoost-EFS-KMS-Key"
            },
            "tags_all": {
              "Name": "DigitalBoost-EFS-KMS-Key"
            },
            "timeouts": null,
            "xks_key_id": ""
          },
          "sensitive_attributes": [],
          "private": "eyJlMmJmYjczMC1lY2FhLTExZTYtOGY4OC0zNDM2M2JjN2M0YzAiOnsiY3JlYXRlIjoxMjAwMDAwMDAwMDB9fQ=="
        }
      ]
    },
    {
      "module": "module.efs",
      "mode": "managed",
      "type": "random_string",
      "name": "suffix",
      "provider": "provider[\"registry.terraform.io/hashicorp/random\"]",
      "instances": [
        {
          "schema_version": 2,
          "attributes": {
            "id": "pd45pl",
            "keepers": null,
            "length": 6,
            "lower": true,
            "min_lower": 0,
            "min_numeric": 0,
            "min_special": 0,
            "min_upper": 0,
            "number": true,
            "numeric": true,
            "override_special": null,
            "result": "pd45pl",
            "special": false,
            "upper": false
          },
          "sensitive_attributes": []
        }
      ]
    },
    {
      "module": "module.networking",
      "mode": "managed",
      "type": "aws_security_group",
      "name": "ssh-sg",
      "provider": "provider[\"registry.terraform.io/hashicorp/aws\"]",
      "instances": [
        {
          "schema_version": 1,
          "attributes": {
            "arn": "arn:aws:ec2:us-east-1:014498645423:security-group/sg-033f0909b00974221",
            "description": "Security Group for SSH",
            "egress": [],
            "id": "sg-033f0909b00974221",
            "ingress": [],
            "name": "DigitalBoost-WordPress-SSH",
            "name_prefix": "",
            "owner_id": "014498645423",
            "revoke_rules_on_delete": false,
            "tags": {
              "Name": "DigitalBoost-WordPress-SSH"
            },
            "tags_all": {
              "Name": "DigitalBoost-WordPress-SSH"
            },
            "timeouts": null,
            "vpc_id": "vpc-09be576fc0bce59a1"
          },
          "sensitive_attributes": [],
          "private": "eyJlMmJmYjczMC1lY2FhLTExZTYtOGY4OC0zNDM2M2JjN2M0YzAiOnsiY3JlYXRlIjo2MDAwMDAwMDAwMDAsImRlbGV0ZSI6OTAwMDAwMDAwMDAwfSwic2NoZW1hX3ZlcnNpb24iOiIxIn0=",
          "dependencies": [
            "module.vpc.aws_vpc.main"
          ]
        }
      ]
    },
    {
      "module": "module.networking",
      "mode": "managed",
      "type": "aws_security_group",
      "name": "wp-efs-sg",
      "provider": "provider[\"registry.terraform.io/hashicorp/aws\"]",
      "instances": [
        {
          "schema_version": 1,
          "attributes": {
            "arn": "arn:aws:ec2:us-east-1:014498645423:security-group/sg-021d8c24577a5461d",
            "description": "Security Group for EFS",
            "egress": [],
            "id": "sg-021d8c24577a5461d",
            "ingress": [],
            "name": "DigitalBoost-WordPress-EFS",
            "name_prefix": "",
            "owner_id": "014498645423",
            "revoke_rules_on_delete": false,
            "tags": {
              "Name": "DigitalBoost-WordPress-EFS"
            },
            "tags_all": {
              "Name": "DigitalBoost-WordPress-EFS"
            },
            "timeouts": null,
            "vpc_id": "vpc-09be576fc0bce59a1"
          },
          "sensitive_attributes": [],
          "private": "eyJlMmJmYjczMC1lY2FhLTExZTYtOGY4OC0zNDM2M2JjN2M0YzAiOnsiY3JlYXRlIjo2MDAwMDAwMDAwMDAsImRlbGV0ZSI6OTAwMDAwMDAwMDAwfSwic2NoZW1hX3ZlcnNpb24iOiIxIn0=",
          "dependencies": [
            "module.vpc.aws_vpc.main"
          ]
        }
      ]
    },
    {
      "module": "module.networking",
      "mode": "managed",
      "type": "aws_security_group",
      "name": "wp-lb-sg",
      "provider": "provider[\"registry.terraform.io/hashicorp/aws\"]",
      "instances": [
        {
          "schema_version": 1,
          "attributes": {
            "arn": "arn:aws:ec2:us-east-1:014498645423:security-group/sg-04d37dc96de15369d",
            "description": "Security Group for ALB",
            "egress": [],
            "id": "sg-04d37dc96de15369d",
            "ingress": [],
            "name": "DigitalBoost-WordPress-ALB",
            "name_prefix": "",
            "owner_id": "014498645423",
            "revoke_rules_on_delete": false,
            "tags": {
              "Name": "DigitalBoost-WordPress-ALB"
            },
            "tags_all": {
              "Name": "DigitalBoost-WordPress-ALB"
            },
            "timeouts": null,
            "vpc_id": "vpc-09be576fc0bce59a1"
          },
          "sensitive_attributes": [],
          "private": "eyJlMmJmYjczMC1lY2FhLTExZTYtOGY4OC0zNDM2M2JjN2M0YzAiOnsiY3JlYXRlIjo2MDAwMDAwMDAwMDAsImRlbGV0ZSI6OTAwMDAwMDAwMDAwfSwic2NoZW1hX3ZlcnNpb24iOiIxIn0=",
          "dependencies": [
            "module.vpc.aws_vpc.main"
          ]
        }
      ]
    },
    {
      "module": "module.networking",
      "mode": "managed",
      "type": "aws_security_group",
      "name": "wp-rds-sg",
      "provider": "provider[\"registry.terraform.io/hashicorp/aws\"]",
      "instances": [
        {
          "schema_version": 1,
          "attributes": {
            "arn": "arn:aws:ec2:us-east-1:014498645423:security-group/sg-018220432a82c7ac6",
            "description": "Security Group for RDS MySQL \u0026 EFS",
            "egress": [],
            "id": "sg-018220432a82c7ac6",
            "ingress": [],
            "name": "DigitalBoost-WordPress-RDS",
            "name_prefix": "",
            "owner_id": "014498645423",
            "revoke_rules_on_delete": false,
            "tags": {
              "Name": "DigitalBoost-WordPress-RDS"
            },
            "tags_all": {
              "Name": "DigitalBoost-WordPress-RDS"
            },
            "timeouts": null,
            "vpc_id": "vpc-09be576fc0bce59a1"
          },
          "sensitive_attributes": [],
          "private": "eyJlMmJmYjczMC1lY2FhLTExZTYtOGY4OC0zNDM2M2JjN2M0YzAiOnsiY3JlYXRlIjo2MDAwMDAwMDAwMDAsImRlbGV0ZSI6OTAwMDAwMDAwMDAwfSwic2NoZW1hX3ZlcnNpb24iOiIxIn0=",
          "dependencies": [
            "module.vpc.aws_vpc.main"
          ]
        }
      ]
    },
    {
      "module": "module.networking",
      "mode": "managed",
      "type": "aws_security_group",
      "name": "wp-vpc-sg",
      "provider": "provider[\"registry.terraform.io/hashicorp/aws\"]",
      "instances": [
        {
          "schema_version": 1,
          "attributes": {
            "arn": "arn:aws:ec2:us-east-1:014498645423:security-group/sg-007adfdfea4c513d0",
            "description": "Security Group for WordPress EC2 instance",
            "egress": [],
            "id": "sg-007adfdfea4c513d0",
            "ingress": [],
            "name": "DigitalBoost-WordPress-Main-SG",
            "name_prefix": "",
            "owner_id": "014498645423",
            "revoke_rules_on_delete": false,
            "tags": {
              "Name": "DigitalBoost-WordPress-Main-SG"
            },
            "tags_all": {
              "Name": "DigitalBoost-WordPress-Main-SG"
            },
            "timeouts": null,
            "vpc_id": "vpc-09be576fc0bce59a1"
          },
          "sensitive_attributes": [],
          "private": "eyJlMmJmYjczMC1lY2FhLTExZTYtOGY4OC0zNDM2M2JjN2M0YzAiOnsiY3JlYXRlIjo2MDAwMDAwMDAwMDAsImRlbGV0ZSI6OTAwMDAwMDAwMDAwfSwic2NoZW1hX3ZlcnNpb24iOiIxIn0=",
          "dependencies": [
            "module.vpc.aws_vpc.main"
          ]
        }
      ]
    },
    {
      "module": "module.networking",
      "mode": "managed",
      "type": "aws_security_group_rule",
      "name": "ALB_HTTP",
      "provider": "provider[\"registry.terraform.io/hashicorp/aws\"]",
      "instances": [
        {
          "schema_version": 2,
          "attributes": {
            "cidr_blocks": [
              "0.0.0.0/0"
            ],
            "description": null,
            "from_port": 80,
            "id": "sgrule-1267397499",
            "ipv6_cidr_blocks": null,
            "prefix_list_ids": null,
            "protocol": "tcp",
            "security_group_id": "sg-04d37dc96de15369d",
            "security_group_rule_id": "sgr-07669360b5cd38533",
            "self": false,
            "source_security_group_id": null,
            "timeouts": null,
            "to_port": 80,
            "type": "ingress"
          },
          "sensitive_attributes": [],
          "private": "eyJlMmJmYjczMC1lY2FhLTExZTYtOGY4OC0zNDM2M2JjN2M0YzAiOnsiY3JlYXRlIjozMDAwMDAwMDAwMDB9LCJzY2hlbWFfdmVyc2lvbiI6IjIifQ==",
          "dependencies": [
            "module.networking.aws_security_group.wp-lb-sg",
            "module.vpc.aws_vpc.main"
          ]
        }
      ]
    },
    {
      "module": "module.networking",
      "mode": "managed",
      "type": "aws_security_group_rule",
      "name": "ALB_HTTPS",
      "provider": "provider[\"registry.terraform.io/hashicorp/aws\"]",
      "instances": [
        {
          "schema_version": 2,
          "attributes": {
            "cidr_blocks": [
              "0.0.0.0/0"
            ],
            "description": null,
            "from_port": 443,
            "id": "sgrule-1314663139",
            "ipv6_cidr_blocks": null,
            "prefix_list_ids": null,
            "protocol": "tcp",
            "security_group_id": "sg-04d37dc96de15369d",
            "security_group_rule_id": "sgr-0fc36e2d6262d7315",
            "self": false,
            "source_security_group_id": null,
            "timeouts": null,
            "to_port": 443,
            "type": "ingress"
          },
          "sensitive_attributes": [],
          "private": "eyJlMmJmYjczMC1lY2FhLTExZTYtOGY4OC0zNDM2M2JjN2M0YzAiOnsiY3JlYXRlIjozMDAwMDAwMDAwMDB9LCJzY2hlbWFfdmVyc2lvbiI6IjIifQ==",
          "dependencies": [
            "module.networking.aws_security_group.wp-lb-sg",
            "module.vpc.aws_vpc.main"
          ]
        }
      ]
    },
    {
      "module": "module.networking",
      "mode": "managed",
      "type": "aws_security_group_rule",
      "name": "allow_all_ALB_egress",
      "provider": "provider[\"registry.terraform.io/hashicorp/aws\"]",
      "instances": [
        {
          "schema_version": 2,
          "attributes": {
            "cidr_blocks": [
              "0.0.0.0/0"
            ],
            "description": null,
            "from_port": 0,
            "id": "sgrule-1248484657",
            "ipv6_cidr_blocks": null,
            "prefix_list_ids": null,
            "protocol": "-1",
            "security_group_id": "sg-04d37dc96de15369d",
            "security_group_rule_id": "sgr-05693290d6ba65562",
            "self": false,
            "source_security_group_id": null,
            "timeouts": null,
            "to_port": 0,
            "type": "egress"
          },
          "sensitive_attributes": [],
          "private": "eyJlMmJmYjczMC1lY2FhLTExZTYtOGY4OC0zNDM2M2JjN2M0YzAiOnsiY3JlYXRlIjozMDAwMDAwMDAwMDB9LCJzY2hlbWFfdmVyc2lvbiI6IjIifQ==",
          "dependencies": [
            "module.networking.aws_security_group.wp-lb-sg",
            "module.vpc.aws_vpc.main"
          ]
        }
      ]
    },
    {
      "module": "module.networking",
      "mode": "managed",
      "type": "aws_security_group_rule",
      "name": "allow_all_bastion_egress",
      "provider": "provider[\"registry.terraform.io/hashicorp/aws\"]",
      "instances": [
        {
          "schema_version": 2,
          "attributes": {
            "cidr_blocks": [
              "0.0.0.0/0"
            ],
            "description": null,
            "from_port": 0,
            "id": "sgrule-2857749973",
            "ipv6_cidr_blocks": null,
            "prefix_list_ids": null,
            "protocol": "-1",
            "security_group_id": "sg-033f0909b00974221",
            "security_group_rule_id": "sgr-0aa0b823e09c07fc6",
            "self": false,
            "source_security_group_id": null,
            "timeouts": null,
            "to_port": 0,
            "type": "egress"
          },
          "sensitive_attributes": [],
          "private": "eyJlMmJmYjczMC1lY2FhLTExZTYtOGY4OC0zNDM2M2JjN2M0YzAiOnsiY3JlYXRlIjozMDAwMDAwMDAwMDB9LCJzY2hlbWFfdmVyc2lvbiI6IjIifQ==",
          "dependencies": [
            "module.networking.aws_security_group.ssh-sg",
            "module.vpc.aws_vpc.main"
          ]
        }
      ]
    },
    {
      "module": "module.networking",
      "mode": "managed",
      "type": "aws_security_group_rule",
      "name": "allow_all_wordpress_egress",
      "provider": "provider[\"registry.terraform.io/hashicorp/aws\"]",
      "instances": [
        {
          "schema_version": 2,
          "attributes": {
            "cidr_blocks": [
              "0.0.0.0/0"
            ],
            "description": null,
            "from_port": 0,
            "id": "sgrule-1592427029",
            "ipv6_cidr_blocks": null,
            "prefix_list_ids": null,
            "protocol": "-1",
            "security_group_id": "sg-007adfdfea4c513d0",
            "security_group_rule_id": "sgr-0ddfb2bf2e0a52fff",
            "self": false,
            "source_security_group_id": null,
            "timeouts": null,
            "to_port": 0,
            "type": "egress"
          },
          "sensitive_attributes": [],
          "private": "eyJlMmJmYjczMC1lY2FhLTExZTYtOGY4OC0zNDM2M2JjN2M0YzAiOnsiY3JlYXRlIjozMDAwMDAwMDAwMDB9LCJzY2hlbWFfdmVyc2lvbiI6IjIifQ==",
          "dependencies": [
            "module.networking.aws_security_group.wp-vpc-sg",
            "module.vpc.aws_vpc.main"
          ]
        }
      ]
    },
    {
      "module": "module.networking",
      "mode": "managed",
      "type": "aws_security_group_rule",
      "name": "allow_http_from_alb-sg",
      "provider": "provider[\"registry.terraform.io/hashicorp/aws\"]",
      "instances": [
        {
          "schema_version": 2,
          "attributes": {
            "cidr_blocks": null,
            "description": null,
            "from_port": 80,
            "id": "sgrule-1716377828",
            "ipv6_cidr_blocks": null,
            "prefix_list_ids": null,
            "protocol": "tcp",
            "security_group_id": "sg-007adfdfea4c513d0",
            "security_group_rule_id": "sgr-0ddf6dcfd39fac1ba",
            "self": false,
            "source_security_group_id": "sg-04d37dc96de15369d",
            "timeouts": null,
            "to_port": 80,
            "type": "ingress"
          },
          "sensitive_attributes": [],
          "private": "eyJlMmJmYjczMC1lY2FhLTExZTYtOGY4OC0zNDM2M2JjN2M0YzAiOnsiY3JlYXRlIjozMDAwMDAwMDAwMDB9LCJzY2hlbWFfdmVyc2lvbiI6IjIifQ==",
          "dependencies": [
            "module.networking.aws_security_group.wp-lb-sg",
            "module.networking.aws_security_group.wp-vpc-sg",
            "module.vpc.aws_vpc.main"
          ]
        }
      ]
    },
    {
      "module": "module.networking",
      "mode": "managed",
      "type": "aws_security_group_rule",
      "name": "ssh-to-efs",
      "provider": "provider[\"registry.terraform.io/hashicorp/aws\"]",
      "instances": [
        {
          "schema_version": 2,
          "attributes": {
            "cidr_blocks": null,
            "description": null,
            "from_port": 22,
            "id": "sgrule-1852502486",
            "ipv6_cidr_blocks": null,
            "prefix_list_ids": null,
            "protocol": "tcp",
            "security_group_id": "sg-021d8c24577a5461d",
            "security_group_rule_id": "sgr-0037fe67e597c1b72",
            "self": false,
            "source_security_group_id": "sg-033f0909b00974221",
            "timeouts": null,
            "to_port": 22,
            "type": "ingress"
          },
          "sensitive_attributes": [],
          "private": "eyJlMmJmYjczMC1lY2FhLTExZTYtOGY4OC0zNDM2M2JjN2M0YzAiOnsiY3JlYXRlIjozMDAwMDAwMDAwMDB9LCJzY2hlbWFfdmVyc2lvbiI6IjIifQ==",
          "dependencies": [
            "module.networking.aws_security_group.ssh-sg",
            "module.networking.aws_security_group.wp-efs-sg",
            "module.vpc.aws_vpc.main"
          ]
        }
      ]
    },
    {
      "module": "module.networking",
      "mode": "managed",
      "type": "aws_security_group_rule",
      "name": "ssh-to-wordpress",
      "provider": "provider[\"registry.terraform.io/hashicorp/aws\"]",
      "instances": [
        {
          "schema_version": 2,
          "attributes": {
            "cidr_blocks": null,
            "description": null,
            "from_port": 22,
            "id": "sgrule-616320328",
            "ipv6_cidr_blocks": null,
            "prefix_list_ids": null,
            "protocol": "tcp",
            "security_group_id": "sg-007adfdfea4c513d0",
            "security_group_rule_id": "sgr-0c636b88e50e68c68",
            "self": false,
            "source_security_group_id": "sg-033f0909b00974221",
            "timeouts": null,
            "to_port": 22,
            "type": "ingress"
          },
          "sensitive_attributes": [],
          "private": "eyJlMmJmYjczMC1lY2FhLTExZTYtOGY4OC0zNDM2M2JjN2M0YzAiOnsiY3JlYXRlIjozMDAwMDAwMDAwMDB9LCJzY2hlbWFfdmVyc2lvbiI6IjIifQ==",
          "dependencies": [
            "module.networking.aws_security_group.ssh-sg",
            "module.networking.aws_security_group.wp-vpc-sg",
            "module.vpc.aws_vpc.main"
          ]
        }
      ]
    },
    {
      "module": "module.networking",
      "mode": "managed",
      "type": "aws_security_group_rule",
      "name": "ssh-wp",
      "provider": "provider[\"registry.terraform.io/hashicorp/aws\"]",
      "instances": [
        {
          "schema_version": 2,
          "attributes": {
            "cidr_blocks": [
              "0.0.0.0/0"
            ],
            "description": null,
            "from_port": 22,
            "id": "sgrule-3366617550",
            "ipv6_cidr_blocks": null,
            "prefix_list_ids": null,
            "protocol": "tcp",
            "security_group_id": "sg-033f0909b00974221",
            "security_group_rule_id": "sgr-05de369ed66d662f5",
            "self": false,
            "source_security_group_id": null,
            "timeouts": null,
            "to_port": 22,
            "type": "ingress"
          },
          "sensitive_attributes": [],
          "private": "eyJlMmJmYjczMC1lY2FhLTExZTYtOGY4OC0zNDM2M2JjN2M0YzAiOnsiY3JlYXRlIjozMDAwMDAwMDAwMDB9LCJzY2hlbWFfdmVyc2lvbiI6IjIifQ==",
          "dependencies": [
            "module.networking.aws_security_group.ssh-sg",
            "module.vpc.aws_vpc.main"
          ]
        }
      ]
    },
    {
      "module": "module.networking",
      "mode": "managed",
      "type": "aws_security_group_rule",
      "name": "wp-to-efs",
      "provider": "provider[\"registry.terraform.io/hashicorp/aws\"]",
      "instances": [
        {
          "schema_version": 2,
          "attributes": {
            "cidr_blocks": null,
            "description": null,
            "from_port": 2049,
            "id": "sgrule-83631015",
            "ipv6_cidr_blocks": null,
            "prefix_list_ids": null,
            "protocol": "tcp",
            "security_group_id": "sg-021d8c24577a5461d",
            "security_group_rule_id": "sgr-0feb5c1be36a3be9f",
            "self": false,
            "source_security_group_id": "sg-007adfdfea4c513d0",
            "timeouts": null,
            "to_port": 2049,
            "type": "ingress"
          },
          "sensitive_attributes": [],
          "private": "eyJlMmJmYjczMC1lY2FhLTExZTYtOGY4OC0zNDM2M2JjN2M0YzAiOnsiY3JlYXRlIjozMDAwMDAwMDAwMDB9LCJzY2hlbWFfdmVyc2lvbiI6IjIifQ==",
          "dependencies": [
            "module.networking.aws_security_group.wp-efs-sg",
            "module.networking.aws_security_group.wp-vpc-sg",
            "module.vpc.aws_vpc.main"
          ]
        }
      ]
    },
    {
      "module": "module.networking",
      "mode": "managed",
      "type": "aws_security_group_rule",
      "name": "wp-to-rds",
      "provider": "provider[\"registry.terraform.io/hashicorp/aws\"]",
      "instances": [
        {
          "schema_version": 2,
          "attributes": {
            "cidr_blocks": null,
            "description": null,
            "from_port": 3306,
            "id": "sgrule-3949047530",
            "ipv6_cidr_blocks": null,
            "prefix_list_ids": null,
            "protocol": "tcp",
            "security_group_id": "sg-018220432a82c7ac6",
            "security_group_rule_id": "sgr-039ce2ce771456cc2",
            "self": false,
            "source_security_group_id": "sg-007adfdfea4c513d0",
            "timeouts": null,
            "to_port": 3306,
            "type": "ingress"
          },
          "sensitive_attributes": [],
          "private": "eyJlMmJmYjczMC1lY2FhLTExZTYtOGY4OC0zNDM2M2JjN2M0YzAiOnsiY3JlYXRlIjozMDAwMDAwMDAwMDB9LCJzY2hlbWFfdmVyc2lvbiI6IjIifQ==",
          "dependencies": [
            "module.networking.aws_security_group.wp-rds-sg",
            "module.networking.aws_security_group.wp-vpc-sg",
            "module.vpc.aws_vpc.main"
          ]
        }
      ]
    },
    {
      "module": "module.rds",
      "mode": "managed",
      "type": "aws_db_instance",
      "name": "wordpress_rds",
      "provider": "provider[\"registry.terraform.io/hashicorp/aws\"]",
      "instances": [
        {
          "schema_version": 2,
          "attributes": {
            "address": "digitalboost-wordpress-db.cpcgwweaw5ve.us-east-1.rds.amazonaws.com",
            "allocated_storage": 20,
            "allow_major_version_upgrade": null,
            "apply_immediately": false,
            "arn": "arn:aws:rds:us-east-1:014498645423:db:digitalboost-wordpress-db",
            "auto_minor_version_upgrade": true,
            "availability_zone": "us-east-1a",
            "backup_retention_period": 0,
            "backup_target": "region",
            "backup_window": "06:09-06:39",
            "blue_green_update": [],
            "ca_cert_identifier": "rds-ca-rsa2048-g1",
            "character_set_name": "",
            "copy_tags_to_snapshot": false,
            "custom_iam_instance_profile": "",
            "customer_owned_ip_enabled": false,
            "db_name": "wordpressDB",
            "db_subnet_group_name": "subnet-grp-rds",
            "dedicated_log_volume": false,
            "delete_automated_backups": true,
            "deletion_protection": false,
            "domain": "",
            "domain_auth_secret_arn": "",
            "domain_dns_ips": null,
            "domain_fqdn": "",
            "domain_iam_role_name": "",
            "domain_ou": "",
            "enabled_cloudwatch_logs_exports": null,
            "endpoint": "digitalboost-wordpress-db.cpcgwweaw5ve.us-east-1.rds.amazonaws.com:3306",
            "engine": "mysql",
            "engine_lifecycle_support": "open-source-rds-extended-support",
            "engine_version": "8.0",
            "engine_version_actual": "8.0.40",
            "final_snapshot_identifier": null,
            "hosted_zone_id": "Z2R2ITUGPM61AM",
            "iam_database_authentication_enabled": false,
            "id": "db-44JGZSQHN5CQLFQJJONAAVLDZQ",
            "identifier": "digitalboost-wordpress-db",
            "identifier_prefix": "",
            "instance_class": "db.t3.small",
            "iops": 0,
            "kms_key_id": "",
            "latest_restorable_time": "",
            "license_model": "general-public-license",
            "listener_endpoint": [],
            "maintenance_window": "sun:04:05-sun:04:35",
            "manage_master_user_password": null,
            "master_user_secret": [],
            "master_user_secret_kms_key_id": null,
            "max_allocated_storage": 0,
            "monitoring_interval": 0,
            "monitoring_role_arn": "",
            "multi_az": true,
            "nchar_character_set_name": "",
            "network_type": "IPV4",
            "option_group_name": "default:mysql-8-0",
            "parameter_group_name": "default.mysql8.0",
            "password": "word1press2!",
            "performance_insights_enabled": false,
            "performance_insights_kms_key_id": "",
            "performance_insights_retention_period": 0,
            "port": 3306,
            "publicly_accessible": false,
            "replica_mode": "",
            "replicas": [],
            "replicate_source_db": "",
            "resource_id": "db-44JGZSQHN5CQLFQJJONAAVLDZQ",
            "restore_to_point_in_time": [],
            "s3_import": [],
            "skip_final_snapshot": true,
            "snapshot_identifier": null,
            "status": "available",
            "storage_encrypted": false,
            "storage_throughput": 0,
            "storage_type": "gp2",
            "tags": {
              "Name": "DigitalBoost-WordPress-RDS"
            },
            "tags_all": {
              "Name": "DigitalBoost-WordPress-RDS"
            },
            "timeouts": null,
            "timezone": "",
            "upgrade_storage_config": null,
            "username": "wordpress",
            "vpc_security_group_ids": [
              "sg-018220432a82c7ac6"
            ]
          },
          "sensitive_attributes": [
            [
              {
                "type": "get_attr",
                "value": "password"
              }
            ]
          ],
          "private": "eyJlMmJmYjczMC1lY2FhLTExZTYtOGY4OC0zNDM2M2JjN2M0YzAiOnsiY3JlYXRlIjozMDAwMDAwMDAwMDAwLCJkZWxldGUiOjM2MDAwMDAwMDAwMDAsInVwZGF0ZSI6NDgwMDAwMDAwMDAwMH0sInNjaGVtYV92ZXJzaW9uIjoiMiJ9",
          "dependencies": [
            "module.networking.aws_security_group.wp-rds-sg",
            "module.rds.aws_db_subnet_group.subnet-grp-rds",
            "module.vpc.aws_subnet.private-subnets",
            "module.vpc.aws_vpc.main",
            "module.vpc.data.aws_availability_zones.AZs"
          ]
        }
      ]
    },
    {
      "module": "module.rds",
      "mode": "managed",
      "type": "aws_db_subnet_group",
      "name": "subnet-grp-rds",
      "provider": "provider[\"registry.terraform.io/hashicorp/aws\"]",
      "instances": [
        {
          "schema_version": 0,
          "attributes": {
            "arn": "arn:aws:rds:us-east-1:014498645423:subgrp:subnet-grp-rds",
            "description": "Managed by Terraform",
            "id": "subnet-grp-rds",
            "name": "subnet-grp-rds",
            "name_prefix": "",
            "subnet_ids": [
              "subnet-0751c5eb7014676d3",
              "subnet-0917495dca13765c5"
            ],
            "supported_network_types": [
              "IPV4"
            ],
            "tags": {
              "Name": "DigitalBoost-WordPress-RDS-Subnet-Group"
            },
            "tags_all": {
              "Name": "DigitalBoost-WordPress-RDS-Subnet-Group"
            },
            "vpc_id": "vpc-09be576fc0bce59a1"
          },
          "sensitive_attributes": [],
          "private": "bnVsbA==",
          "dependencies": [
            "module.vpc.aws_subnet.private-subnets",
            "module.vpc.aws_vpc.main",
            "module.vpc.data.aws_availability_zones.AZs"
          ]
        }
      ]
    },
    {
      "module": "module.rds",
      "mode": "managed",
      "type": "aws_ssm_parameter",
      "name": "rds_endpoint",
      "provider": "provider[\"registry.terraform.io/hashicorp/aws\"]",
      "instances": [
        {
          "schema_version": 0,
          "attributes": {
            "allowed_pattern": "",
            "arn": "arn:aws:ssm:us-east-1:014498645423:parameter/wordpress/rds_endpoint",
            "data_type": "text",
            "description": "",
            "id": "/wordpress/rds_endpoint",
            "insecure_value": null,
            "key_id": "",
            "name": "/wordpress/rds_endpoint",
            "overwrite": null,
            "tags": null,
            "tags_all": {},
            "tier": "Standard",
            "type": "String",
            "value": "digitalboost-wordpress-db.cpcgwweaw5ve.us-east-1.rds.amazonaws.com:3306",
            "version": 1
          },
          "sensitive_attributes": [
            [
              {
                "type": "get_attr",
                "value": "value"
              }
            ]
          ],
          "private": "bnVsbA==",
          "dependencies": [
            "module.networking.aws_security_group.wp-rds-sg",
            "module.rds.aws_db_instance.wordpress_rds",
            "module.rds.aws_db_subnet_group.subnet-grp-rds",
            "module.vpc.aws_subnet.private-subnets",
            "module.vpc.aws_vpc.main",
            "module.vpc.data.aws_availability_zones.AZs"
          ]
        }
      ]
    },
    {
      "module": "module.s3",
      "mode": "managed",
      "type": "aws_s3_bucket",
      "name": "s3-statefile",
      "provider": "provider[\"registry.terraform.io/hashicorp/aws\"]",
      "instances": [
        {
          "schema_version": 0,
          "attributes": {
            "acceleration_status": "",
            "acl": null,
            "arn": "arn:aws:s3:::wordpress-terraform-statefile",
            "bucket": "wordpress-terraform-statefile",
            "bucket_domain_name": "wordpress-terraform-statefile.s3.amazonaws.com",
            "bucket_prefix": "",
            "bucket_regional_domain_name": "wordpress-terraform-statefile.s3.us-east-1.amazonaws.com",
            "cors_rule": [],
            "force_destroy": true,
            "grant": [
              {
                "id": "644c45aabf6d4363ce1a877dddfcdbca321e300690e1d8baea95d66af81e3819",
                "permissions": [
                  "FULL_CONTROL"
                ],
                "type": "CanonicalUser",
                "uri": ""
              }
            ],
            "hosted_zone_id": "Z3AQBSTGFYJSTF",
            "id": "wordpress-terraform-statefile",
            "lifecycle_rule": [],
            "logging": [],
            "object_lock_configuration": [],
            "object_lock_enabled": false,
            "policy": "",
            "region": "us-east-1",
            "replication_configuration": [],
            "request_payer": "BucketOwner",
            "server_side_encryption_configuration": [
              {
                "rule": [
                  {
                    "apply_server_side_encryption_by_default": [
                      {
                        "kms_master_key_id": "",
                        "sse_algorithm": "AES256"
                      }
                    ],
                    "bucket_key_enabled": false
                  }
                ]
              }
            ],
            "tags": {
              "Name": "DigitalBoost-Remote-Statefile-Storage"
            },
            "tags_all": {
              "Name": "DigitalBoost-Remote-Statefile-Storage"
            },
            "timeouts": null,
            "versioning": [
              {
                "enabled": false,
                "mfa_delete": false
              }
            ],
            "website": [],
            "website_domain": null,
            "website_endpoint": null
          },
          "sensitive_attributes": [],
          "private": "eyJlMmJmYjczMC1lY2FhLTExZTYtOGY4OC0zNDM2M2JjN2M0YzAiOnsiY3JlYXRlIjoxMjAwMDAwMDAwMDAwLCJkZWxldGUiOjM2MDAwMDAwMDAwMDAsInJlYWQiOjEyMDAwMDAwMDAwMDAsInVwZGF0ZSI6MTIwMDAwMDAwMDAwMH19"
        }
      ]
    },
    {
      "module": "module.vpc",
      "mode": "data",
      "type": "aws_availability_zones",
      "name": "AZs",
      "provider": "provider[\"registry.terraform.io/hashicorp/aws\"]",
      "instances": [
        {
          "schema_version": 0,
          "attributes": {
            "all_availability_zones": null,
            "exclude_names": null,
            "exclude_zone_ids": null,
            "filter": [
              {
                "name": "opt-in-status",
                "values": [
                  "opt-in-not-required"
                ]
              }
            ],
            "group_names": [
              "us-east-1-zg-1"
            ],
            "id": "us-east-1",
            "names": [
              "us-east-1a",
              "us-east-1b",
              "us-east-1c",
              "us-east-1d",
              "us-east-1e",
              "us-east-1f"
            ],
            "state": "available",
            "timeouts": null,
            "zone_ids": [
              "use1-az2",
              "use1-az4",
              "use1-az6",
              "use1-az1",
              "use1-az3",
              "use1-az5"
            ]
          },
          "sensitive_attributes": []
        }
      ]
    },
    {
      "module": "module.vpc",
      "mode": "managed",
      "type": "aws_eip",
      "name": "NATgw_eip_1",
      "provider": "provider[\"registry.terraform.io/hashicorp/aws\"]",
      "instances": [
        {
          "schema_version": 0,
          "attributes": {
            "address": null,
            "allocation_id": "eipalloc-02612d37d8d0ae73a",
            "arn": "arn:aws:ec2:us-east-1:014498645423:elastic-ip/eipalloc-02612d37d8d0ae73a",
            "associate_with_private_ip": null,
            "association_id": "",
            "carrier_ip": "",
            "customer_owned_ip": "",
            "customer_owned_ipv4_pool": "",
            "domain": "vpc",
            "id": "eipalloc-02612d37d8d0ae73a",
            "instance": "",
            "ipam_pool_id": null,
            "network_border_group": "us-east-1",
            "network_interface": "",
            "private_dns": null,
            "private_ip": "",
            "ptr_record": "",
            "public_dns": "ec2-3-234-135-159.compute-1.amazonaws.com",
            "public_ip": "3.234.135.159",
            "public_ipv4_pool": "amazon",
            "tags": null,
            "tags_all": {},
            "timeouts": null,
            "vpc": true
          },
          "sensitive_attributes": [],
          "private": "eyJlMmJmYjczMC1lY2FhLTExZTYtOGY4OC0zNDM2M2JjN2M0YzAiOnsiZGVsZXRlIjoxODAwMDAwMDAwMDAsInJlYWQiOjkwMDAwMDAwMDAwMCwidXBkYXRlIjozMDAwMDAwMDAwMDB9fQ=="
        }
      ]
    },
    {
      "module": "module.vpc",
      "mode": "managed",
      "type": "aws_eip",
      "name": "NATgw_eip_2",
      "provider": "provider[\"registry.terraform.io/hashicorp/aws\"]",
      "instances": [
        {
          "schema_version": 0,
          "attributes": {
            "address": null,
            "allocation_id": "eipalloc-0c668d30896997982",
            "arn": "arn:aws:ec2:us-east-1:014498645423:elastic-ip/eipalloc-0c668d30896997982",
            "associate_with_private_ip": null,
            "association_id": "",
            "carrier_ip": "",
            "customer_owned_ip": "",
            "customer_owned_ipv4_pool": "",
            "domain": "vpc",
            "id": "eipalloc-0c668d30896997982",
            "instance": "",
            "ipam_pool_id": null,
            "network_border_group": "us-east-1",
            "network_interface": "",
            "private_dns": null,
            "private_ip": "",
            "ptr_record": "",
            "public_dns": "ec2-3-230-210-16.compute-1.amazonaws.com",
            "public_ip": "3.230.210.16",
            "public_ipv4_pool": "amazon",
            "tags": null,
            "tags_all": {},
            "timeouts": null,
            "vpc": true
          },
          "sensitive_attributes": [],
          "private": "eyJlMmJmYjczMC1lY2FhLTExZTYtOGY4OC0zNDM2M2JjN2M0YzAiOnsiZGVsZXRlIjoxODAwMDAwMDAwMDAsInJlYWQiOjkwMDAwMDAwMDAwMCwidXBkYXRlIjozMDAwMDAwMDAwMDB9fQ=="
        }
      ]
    },
    {
      "module": "module.vpc",
      "mode": "managed",
      "type": "aws_internet_gateway",
      "name": "igw",
      "provider": "provider[\"registry.terraform.io/hashicorp/aws\"]",
      "instances": [
        {
          "schema_version": 0,
          "attributes": {
            "arn": "arn:aws:ec2:us-east-1:014498645423:internet-gateway/igw-024f2882e5810979c",
            "id": "igw-024f2882e5810979c",
            "owner_id": "014498645423",
            "tags": null,
            "tags_all": {},
            "timeouts": null,
            "vpc_id": "vpc-09be576fc0bce59a1"
          },
          "sensitive_attributes": [],
          "private": "eyJlMmJmYjczMC1lY2FhLTExZTYtOGY4OC0zNDM2M2JjN2M0YzAiOnsiY3JlYXRlIjoxMjAwMDAwMDAwMDAwLCJkZWxldGUiOjEyMDAwMDAwMDAwMDAsInVwZGF0ZSI6MTIwMDAwMDAwMDAwMH19",
          "dependencies": [
            "module.vpc.aws_vpc.main"
          ]
        }
      ]
    },
    {
      "module": "module.vpc",
      "mode": "managed",
      "type": "aws_nat_gateway",
      "name": "NATgw-1",
      "provider": "provider[\"registry.terraform.io/hashicorp/aws\"]",
      "instances": [
        {
          "schema_version": 0,
          "attributes": {
            "allocation_id": "eipalloc-02612d37d8d0ae73a",
            "association_id": "eipassoc-023a68b682972ec84",
            "connectivity_type": "public",
            "id": "nat-07db91fab51fe78f6",
            "network_interface_id": "eni-0979df42b75e121c7",
            "private_ip": "10.0.0.242",
            "public_ip": "3.234.135.159",
            "secondary_allocation_ids": null,
            "secondary_private_ip_address_count": 0,
            "secondary_private_ip_addresses": [],
            "subnet_id": "subnet-0d71b218e233c2026",
            "tags": null,
            "tags_all": {},
            "timeouts": null
          },
          "sensitive_attributes": [],
          "private": "eyJlMmJmYjczMC1lY2FhLTExZTYtOGY4OC0zNDM2M2JjN2M0YzAiOnsiY3JlYXRlIjo2MDAwMDAwMDAwMDAsImRlbGV0ZSI6MTgwMDAwMDAwMDAwMCwidXBkYXRlIjo2MDAwMDAwMDAwMDB9fQ==",
          "dependencies": [
            "module.vpc.aws_eip.NATgw_eip_1",
            "module.vpc.aws_subnet.public-subnets",
            "module.vpc.aws_vpc.main",
            "module.vpc.data.aws_availability_zones.AZs"
          ]
        }
      ]
    },
    {
      "module": "module.vpc",
      "mode": "managed",
      "type": "aws_nat_gateway",
      "name": "NATgw-2",
      "provider": "provider[\"registry.terraform.io/hashicorp/aws\"]",
      "instances": [
        {
          "schema_version": 0,
          "attributes": {
            "allocation_id": "eipalloc-0c668d30896997982",
            "association_id": "eipassoc-027499ff10e54e447",
            "connectivity_type": "public",
            "id": "nat-0b9d1a8e0083d4c6a",
            "network_interface_id": "eni-057e77dda0e611e2e",
            "private_ip": "10.0.1.154",
            "public_ip": "3.230.210.16",
            "secondary_allocation_ids": null,
            "secondary_private_ip_address_count": 0,
            "secondary_private_ip_addresses": [],
            "subnet_id": "subnet-0cf4e9a0644061a7c",
            "tags": null,
            "tags_all": {},
            "timeouts": null
          },
          "sensitive_attributes": [],
          "private": "eyJlMmJmYjczMC1lY2FhLTExZTYtOGY4OC0zNDM2M2JjN2M0YzAiOnsiY3JlYXRlIjo2MDAwMDAwMDAwMDAsImRlbGV0ZSI6MTgwMDAwMDAwMDAwMCwidXBkYXRlIjo2MDAwMDAwMDAwMDB9fQ==",
          "dependencies": [
            "module.vpc.aws_eip.NATgw_eip_2",
            "module.vpc.aws_subnet.public-subnets",
            "module.vpc.aws_vpc.main",
            "module.vpc.data.aws_availability_zones.AZs"
          ]
        }
      ]
    },
    {
      "module": "module.vpc",
      "mode": "managed",
      "type": "aws_route",
      "name": "private-rt-natgw-1",
      "provider": "provider[\"registry.terraform.io/hashicorp/aws\"]",
      "instances": [
        {
          "schema_version": 0,
          "attributes": {
            "carrier_gateway_id": "",
            "core_network_arn": "",
            "destination_cidr_block": "0.0.0.0/0",
            "destination_ipv6_cidr_block": "",
            "destination_prefix_list_id": "",
            "egress_only_gateway_id": "",
            "gateway_id": "",
            "id": "r-rtb-04d2d9922c1db68291080289494",
            "instance_id": "",
            "instance_owner_id": "",
            "local_gateway_id": "",
            "nat_gateway_id": "nat-07db91fab51fe78f6",
            "network_interface_id": "",
            "origin": "CreateRoute",
            "route_table_id": "rtb-04d2d9922c1db6829",
            "state": "active",
            "timeouts": null,
            "transit_gateway_id": "",
            "vpc_endpoint_id": "",
            "vpc_peering_connection_id": ""
          },
          "sensitive_attributes": [],
          "private": "eyJlMmJmYjczMC1lY2FhLTExZTYtOGY4OC0zNDM2M2JjN2M0YzAiOnsiY3JlYXRlIjozMDAwMDAwMDAwMDAsImRlbGV0ZSI6MzAwMDAwMDAwMDAwLCJ1cGRhdGUiOjEyMDAwMDAwMDAwMH19",
          "dependencies": [
            "module.vpc.aws_eip.NATgw_eip_1",
            "module.vpc.aws_internet_gateway.igw",
            "module.vpc.aws_nat_gateway.NATgw-1",
            "module.vpc.aws_route_table.private-rt-1",
            "module.vpc.aws_subnet.public-subnets",
            "module.vpc.aws_vpc.main",
            "module.vpc.data.aws_availability_zones.AZs"
          ]
        }
      ]
    },
    {
      "module": "module.vpc",
      "mode": "managed",
      "type": "aws_route",
      "name": "private-rt-natgw-2",
      "provider": "provider[\"registry.terraform.io/hashicorp/aws\"]",
      "instances": [
        {
          "schema_version": 0,
          "attributes": {
            "carrier_gateway_id": "",
            "core_network_arn": "",
            "destination_cidr_block": "0.0.0.0/0",
            "destination_ipv6_cidr_block": "",
            "destination_prefix_list_id": "",
            "egress_only_gateway_id": "",
            "gateway_id": "",
            "id": "r-rtb-0f04a74b7aab88a201080289494",
            "instance_id": "",
            "instance_owner_id": "",
            "local_gateway_id": "",
            "nat_gateway_id": "nat-0b9d1a8e0083d4c6a",
            "network_interface_id": "",
            "origin": "CreateRoute",
            "route_table_id": "rtb-0f04a74b7aab88a20",
            "state": "active",
            "timeouts": null,
            "transit_gateway_id": "",
            "vpc_endpoint_id": "",
            "vpc_peering_connection_id": ""
          },
          "sensitive_attributes": [],
          "private": "eyJlMmJmYjczMC1lY2FhLTExZTYtOGY4OC0zNDM2M2JjN2M0YzAiOnsiY3JlYXRlIjozMDAwMDAwMDAwMDAsImRlbGV0ZSI6MzAwMDAwMDAwMDAwLCJ1cGRhdGUiOjEyMDAwMDAwMDAwMH19",
          "dependencies": [
            "module.vpc.aws_eip.NATgw_eip_2",
            "module.vpc.aws_internet_gateway.igw",
            "module.vpc.aws_nat_gateway.NATgw-2",
            "module.vpc.aws_route_table.private-rt-2",
            "module.vpc.aws_subnet.public-subnets",
            "module.vpc.aws_vpc.main",
            "module.vpc.data.aws_availability_zones.AZs"
          ]
        }
      ]
    },
    {
      "module": "module.vpc",
      "mode": "managed",
      "type": "aws_route",
      "name": "public-rt-igw",
      "provider": "provider[\"registry.terraform.io/hashicorp/aws\"]",
      "instances": [
        {
          "schema_version": 0,
          "attributes": {
            "carrier_gateway_id": "",
            "core_network_arn": "",
            "destination_cidr_block": "0.0.0.0/0",
            "destination_ipv6_cidr_block": "",
            "destination_prefix_list_id": "",
            "egress_only_gateway_id": "",
            "gateway_id": "igw-024f2882e5810979c",
            "id": "r-rtb-00e956ca366bf0c0b1080289494",
            "instance_id": "",
            "instance_owner_id": "",
            "local_gateway_id": "",
            "nat_gateway_id": "",
            "network_interface_id": "",
            "origin": "CreateRoute",
            "route_table_id": "rtb-00e956ca366bf0c0b",
            "state": "active",
            "timeouts": null,
            "transit_gateway_id": "",
            "vpc_endpoint_id": "",
            "vpc_peering_connection_id": ""
          },
          "sensitive_attributes": [],
          "private": "eyJlMmJmYjczMC1lY2FhLTExZTYtOGY4OC0zNDM2M2JjN2M0YzAiOnsiY3JlYXRlIjozMDAwMDAwMDAwMDAsImRlbGV0ZSI6MzAwMDAwMDAwMDAwLCJ1cGRhdGUiOjEyMDAwMDAwMDAwMH19",
          "dependencies": [
            "module.vpc.aws_internet_gateway.igw",
            "module.vpc.aws_route_table.public-rt",
            "module.vpc.aws_vpc.main"
          ]
        }
      ]
    },
    {
      "module": "module.vpc",
      "mode": "managed",
      "type": "aws_route_table",
      "name": "private-rt-1",
      "provider": "provider[\"registry.terraform.io/hashicorp/aws\"]",
      "instances": [
        {
          "schema_version": 0,
          "attributes": {
            "arn": "arn:aws:ec2:us-east-1:014498645423:route-table/rtb-04d2d9922c1db6829",
            "id": "rtb-04d2d9922c1db6829",
            "owner_id": "014498645423",
            "propagating_vgws": [],
            "route": [],
            "tags": {
              "Name": "DigitalBoost-Private-Route-Table"
            },
            "tags_all": {
              "Name": "DigitalBoost-Private-Route-Table"
            },
            "timeouts": null,
            "vpc_id": "vpc-09be576fc0bce59a1"
          },
          "sensitive_attributes": [],
          "private": "eyJlMmJmYjczMC1lY2FhLTExZTYtOGY4OC0zNDM2M2JjN2M0YzAiOnsiY3JlYXRlIjozMDAwMDAwMDAwMDAsImRlbGV0ZSI6MzAwMDAwMDAwMDAwLCJ1cGRhdGUiOjEyMDAwMDAwMDAwMH19",
          "dependencies": [
            "module.vpc.aws_vpc.main"
          ]
        }
      ]
    },
    {
      "module": "module.vpc",
      "mode": "managed",
      "type": "aws_route_table",
      "name": "private-rt-2",
      "provider": "provider[\"registry.terraform.io/hashicorp/aws\"]",
      "instances": [
        {
          "schema_version": 0,
          "attributes": {
            "arn": "arn:aws:ec2:us-east-1:014498645423:route-table/rtb-0f04a74b7aab88a20",
            "id": "rtb-0f04a74b7aab88a20",
            "owner_id": "014498645423",
            "propagating_vgws": [],
            "route": [],
            "tags": {
              "Name": "DigitalBoost-Private-Route-Table-2"
            },
            "tags_all": {
              "Name": "DigitalBoost-Private-Route-Table-2"
            },
            "timeouts": null,
            "vpc_id": "vpc-09be576fc0bce59a1"
          },
          "sensitive_attributes": [],
          "private": "eyJlMmJmYjczMC1lY2FhLTExZTYtOGY4OC0zNDM2M2JjN2M0YzAiOnsiY3JlYXRlIjozMDAwMDAwMDAwMDAsImRlbGV0ZSI6MzAwMDAwMDAwMDAwLCJ1cGRhdGUiOjEyMDAwMDAwMDAwMH19",
          "dependencies": [
            "module.vpc.aws_vpc.main"
          ]
        }
      ]
    },
    {
      "module": "module.vpc",
      "mode": "managed",
      "type": "aws_route_table",
      "name": "public-rt",
      "provider": "provider[\"registry.terraform.io/hashicorp/aws\"]",
      "instances": [
        {
          "schema_version": 0,
          "attributes": {
            "arn": "arn:aws:ec2:us-east-1:014498645423:route-table/rtb-00e956ca366bf0c0b",
            "id": "rtb-00e956ca366bf0c0b",
            "owner_id": "014498645423",
            "propagating_vgws": [],
            "route": [],
            "tags": {
              "Name": "DigitalBoost-Public-Route-Table"
            },
            "tags_all": {
              "Name": "DigitalBoost-Public-Route-Table"
            },
            "timeouts": null,
            "vpc_id": "vpc-09be576fc0bce59a1"
          },
          "sensitive_attributes": [],
          "private": "eyJlMmJmYjczMC1lY2FhLTExZTYtOGY4OC0zNDM2M2JjN2M0YzAiOnsiY3JlYXRlIjozMDAwMDAwMDAwMDAsImRlbGV0ZSI6MzAwMDAwMDAwMDAwLCJ1cGRhdGUiOjEyMDAwMDAwMDAwMH19",
          "dependencies": [
            "module.vpc.aws_vpc.main"
          ]
        }
      ]
    },
    {
      "module": "module.vpc",
      "mode": "managed",
      "type": "aws_route_table_association",
      "name": "priv-subnet-1-assoc",
      "provider": "provider[\"registry.terraform.io/hashicorp/aws\"]",
      "instances": [
        {
          "schema_version": 0,
          "attributes": {
            "gateway_id": "",
            "id": "rtbassoc-0f5b61b879545860b",
            "route_table_id": "rtb-04d2d9922c1db6829",
            "subnet_id": "subnet-0413fdbc6686c4453",
            "timeouts": null
          },
          "sensitive_attributes": [],
          "private": "eyJlMmJmYjczMC1lY2FhLTExZTYtOGY4OC0zNDM2M2JjN2M0YzAiOnsiY3JlYXRlIjozMDAwMDAwMDAwMDAsImRlbGV0ZSI6MzAwMDAwMDAwMDAwLCJ1cGRhdGUiOjEyMDAwMDAwMDAwMH19",
          "dependencies": [
            "module.vpc.aws_route_table.private-rt-1",
            "module.vpc.aws_subnet.private-subnets",
            "module.vpc.aws_vpc.main",
            "module.vpc.data.aws_availability_zones.AZs"
          ]
        }
      ]
    },
    {
      "module": "module.vpc",
      "mode": "managed",
      "type": "aws_route_table_association",
      "name": "priv-subnet-2-assoc",
      "provider": "provider[\"registry.terraform.io/hashicorp/aws\"]",
      "instances": [
        {
          "schema_version": 0,
          "attributes": {
            "gateway_id": "",
            "id": "rtbassoc-0458164c59d5f8c9f",
            "route_table_id": "rtb-0f04a74b7aab88a20",
            "subnet_id": "subnet-02d1814e6aab847ef",
            "timeouts": null
          },
          "sensitive_attributes": [],
          "private": "eyJlMmJmYjczMC1lY2FhLTExZTYtOGY4OC0zNDM2M2JjN2M0YzAiOnsiY3JlYXRlIjozMDAwMDAwMDAwMDAsImRlbGV0ZSI6MzAwMDAwMDAwMDAwLCJ1cGRhdGUiOjEyMDAwMDAwMDAwMH19",
          "dependencies": [
            "module.vpc.aws_route_table.private-rt-2",
            "module.vpc.aws_subnet.private-subnets",
            "module.vpc.aws_vpc.main",
            "module.vpc.data.aws_availability_zones.AZs"
          ]
        }
      ]
    },
    {
      "module": "module.vpc",
      "mode": "managed",
      "type": "aws_route_table_association",
      "name": "pub-Subnet-1-assoc",
      "provider": "provider[\"registry.terraform.io/hashicorp/aws\"]",
      "instances": [
        {
          "schema_version": 0,
          "attributes": {
            "gateway_id": "",
            "id": "rtbassoc-07681b2c2a8d7970a",
            "route_table_id": "rtb-00e956ca366bf0c0b",
            "subnet_id": "subnet-0d71b218e233c2026",
            "timeouts": null
          },
          "sensitive_attributes": [],
          "private": "eyJlMmJmYjczMC1lY2FhLTExZTYtOGY4OC0zNDM2M2JjN2M0YzAiOnsiY3JlYXRlIjozMDAwMDAwMDAwMDAsImRlbGV0ZSI6MzAwMDAwMDAwMDAwLCJ1cGRhdGUiOjEyMDAwMDAwMDAwMH19",
          "dependencies": [
            "module.vpc.aws_route_table.public-rt",
            "module.vpc.aws_subnet.public-subnets",
            "module.vpc.aws_vpc.main",
            "module.vpc.data.aws_availability_zones.AZs"
          ]
        }
      ]
    },
    {
      "module": "module.vpc",
      "mode": "managed",
      "type": "aws_route_table_association",
      "name": "pub-Subnet-2-assoc",
      "provider": "provider[\"registry.terraform.io/hashicorp/aws\"]",
      "instances": [
        {
          "schema_version": 0,
          "attributes": {
            "gateway_id": "",
            "id": "rtbassoc-01694d66ebd505dcb",
            "route_table_id": "rtb-00e956ca366bf0c0b",
            "subnet_id": "subnet-0cf4e9a0644061a7c",
            "timeouts": null
          },
          "sensitive_attributes": [],
          "private": "eyJlMmJmYjczMC1lY2FhLTExZTYtOGY4OC0zNDM2M2JjN2M0YzAiOnsiY3JlYXRlIjozMDAwMDAwMDAwMDAsImRlbGV0ZSI6MzAwMDAwMDAwMDAwLCJ1cGRhdGUiOjEyMDAwMDAwMDAwMH19",
          "dependencies": [
            "module.vpc.aws_route_table.public-rt",
            "module.vpc.aws_subnet.public-subnets",
            "module.vpc.aws_vpc.main",
            "module.vpc.data.aws_availability_zones.AZs"
          ]
        }
      ]
    },
    {
      "module": "module.vpc",
      "mode": "managed",
      "type": "aws_subnet",
      "name": "private-subnets",
      "provider": "provider[\"registry.terraform.io/hashicorp/aws\"]",
      "instances": [
        {
          "index_key": 0,
          "schema_version": 1,
          "attributes": {
            "arn": "arn:aws:ec2:us-east-1:014498645423:subnet/subnet-0413fdbc6686c4453",
            "assign_ipv6_address_on_creation": false,
            "availability_zone": "us-east-1a",
            "availability_zone_id": "use1-az2",
            "cidr_block": "10.0.2.0/24",
            "customer_owned_ipv4_pool": "",
            "enable_dns64": false,
            "enable_lni_at_device_index": 0,
            "enable_resource_name_dns_a_record_on_launch": false,
            "enable_resource_name_dns_aaaa_record_on_launch": false,
            "id": "subnet-0413fdbc6686c4453",
            "ipv6_cidr_block": "",
            "ipv6_cidr_block_association_id": "",
            "ipv6_native": false,
            "map_customer_owned_ip_on_launch": false,
            "map_public_ip_on_launch": false,
            "outpost_arn": "",
            "owner_id": "014498645423",
            "private_dns_hostname_type_on_launch": "ip-name",
            "tags": {
              "Name": "DigitalBoost-Private-Subnet-0",
              "Tier": "private"
            },
            "tags_all": {
              "Name": "DigitalBoost-Private-Subnet-0",
              "Tier": "private"
            },
            "timeouts": null,
            "vpc_id": "vpc-09be576fc0bce59a1"
          },
          "sensitive_attributes": [],
          "private": "eyJlMmJmYjczMC1lY2FhLTExZTYtOGY4OC0zNDM2M2JjN2M0YzAiOnsiY3JlYXRlIjo2MDAwMDAwMDAwMDAsImRlbGV0ZSI6MTIwMDAwMDAwMDAwMH0sInNjaGVtYV92ZXJzaW9uIjoiMSJ9",
          "dependencies": [
            "module.vpc.aws_vpc.main",
            "module.vpc.data.aws_availability_zones.AZs"
          ]
        },
        {
          "index_key": 1,
          "schema_version": 1,
          "attributes": {
            "arn": "arn:aws:ec2:us-east-1:014498645423:subnet/subnet-02d1814e6aab847ef",
            "assign_ipv6_address_on_creation": false,
            "availability_zone": "us-east-1b",
            "availability_zone_id": "use1-az4",
            "cidr_block": "10.0.3.0/24",
            "customer_owned_ipv4_pool": "",
            "enable_dns64": false,
            "enable_lni_at_device_index": 0,
            "enable_resource_name_dns_a_record_on_launch": false,
            "enable_resource_name_dns_aaaa_record_on_launch": false,
            "id": "subnet-02d1814e6aab847ef",
            "ipv6_cidr_block": "",
            "ipv6_cidr_block_association_id": "",
            "ipv6_native": false,
            "map_customer_owned_ip_on_launch": false,
            "map_public_ip_on_launch": false,
            "outpost_arn": "",
            "owner_id": "014498645423",
            "private_dns_hostname_type_on_launch": "ip-name",
            "tags": {
              "Name": "DigitalBoost-Private-Subnet-1",
              "Tier": "private"
            },
            "tags_all": {
              "Name": "DigitalBoost-Private-Subnet-1",
              "Tier": "private"
            },
            "timeouts": null,
            "vpc_id": "vpc-09be576fc0bce59a1"
          },
          "sensitive_attributes": [],
          "private": "eyJlMmJmYjczMC1lY2FhLTExZTYtOGY4OC0zNDM2M2JjN2M0YzAiOnsiY3JlYXRlIjo2MDAwMDAwMDAwMDAsImRlbGV0ZSI6MTIwMDAwMDAwMDAwMH0sInNjaGVtYV92ZXJzaW9uIjoiMSJ9",
          "dependencies": [
            "module.vpc.aws_vpc.main",
            "module.vpc.data.aws_availability_zones.AZs"
          ]
        },
        {
          "index_key": 2,
          "schema_version": 1,
          "attributes": {
            "arn": "arn:aws:ec2:us-east-1:014498645423:subnet/subnet-0917495dca13765c5",
            "assign_ipv6_address_on_creation": false,
            "availability_zone": "us-east-1a",
            "availability_zone_id": "use1-az2",
            "cidr_block": "10.0.4.0/24",
            "customer_owned_ipv4_pool": "",
            "enable_dns64": false,
            "enable_lni_at_device_index": 0,
            "enable_resource_name_dns_a_record_on_launch": false,
            "enable_resource_name_dns_aaaa_record_on_launch": false,
            "id": "subnet-0917495dca13765c5",
            "ipv6_cidr_block": "",
            "ipv6_cidr_block_association_id": "",
            "ipv6_native": false,
            "map_customer_owned_ip_on_launch": false,
            "map_public_ip_on_launch": false,
            "outpost_arn": "",
            "owner_id": "014498645423",
            "private_dns_hostname_type_on_launch": "ip-name",
            "tags": {
              "Name": "DigitalBoost-Private-Subnet-2",
              "Tier": "private"
            },
            "tags_all": {
              "Name": "DigitalBoost-Private-Subnet-2",
              "Tier": "private"
            },
            "timeouts": null,
            "vpc_id": "vpc-09be576fc0bce59a1"
          },
          "sensitive_attributes": [],
          "private": "eyJlMmJmYjczMC1lY2FhLTExZTYtOGY4OC0zNDM2M2JjN2M0YzAiOnsiY3JlYXRlIjo2MDAwMDAwMDAwMDAsImRlbGV0ZSI6MTIwMDAwMDAwMDAwMH0sInNjaGVtYV92ZXJzaW9uIjoiMSJ9",
          "dependencies": [
            "module.vpc.aws_vpc.main",
            "module.vpc.data.aws_availability_zones.AZs"
          ]
        },
        {
          "index_key": 3,
          "schema_version": 1,
          "attributes": {
            "arn": "arn:aws:ec2:us-east-1:014498645423:subnet/subnet-0751c5eb7014676d3",
            "assign_ipv6_address_on_creation": false,
            "availability_zone": "us-east-1b",
            "availability_zone_id": "use1-az4",
            "cidr_block": "10.0.5.0/24",
            "customer_owned_ipv4_pool": "",
            "enable_dns64": false,
            "enable_lni_at_device_index": 0,
            "enable_resource_name_dns_a_record_on_launch": false,
            "enable_resource_name_dns_aaaa_record_on_launch": false,
            "id": "subnet-0751c5eb7014676d3",
            "ipv6_cidr_block": "",
            "ipv6_cidr_block_association_id": "",
            "ipv6_native": false,
            "map_customer_owned_ip_on_launch": false,
            "map_public_ip_on_launch": false,
            "outpost_arn": "",
            "owner_id": "014498645423",
            "private_dns_hostname_type_on_launch": "ip-name",
            "tags": {
              "Name": "DigitalBoost-Private-Subnet-3",
              "Tier": "private"
            },
            "tags_all": {
              "Name": "DigitalBoost-Private-Subnet-3",
              "Tier": "private"
            },
            "timeouts": null,
            "vpc_id": "vpc-09be576fc0bce59a1"
          },
          "sensitive_attributes": [],
          "private": "eyJlMmJmYjczMC1lY2FhLTExZTYtOGY4OC0zNDM2M2JjN2M0YzAiOnsiY3JlYXRlIjo2MDAwMDAwMDAwMDAsImRlbGV0ZSI6MTIwMDAwMDAwMDAwMH0sInNjaGVtYV92ZXJzaW9uIjoiMSJ9",
          "dependencies": [
            "module.vpc.aws_vpc.main",
            "module.vpc.data.aws_availability_zones.AZs"
          ]
        }
      ]
    },
    {
      "module": "module.vpc",
      "mode": "managed",
      "type": "aws_subnet",
      "name": "public-subnets",
      "provider": "provider[\"registry.terraform.io/hashicorp/aws\"]",
      "instances": [
        {
          "index_key": 0,
          "schema_version": 1,
          "attributes": {
            "arn": "arn:aws:ec2:us-east-1:014498645423:subnet/subnet-0d71b218e233c2026",
            "assign_ipv6_address_on_creation": false,
            "availability_zone": "us-east-1a",
            "availability_zone_id": "use1-az2",
            "cidr_block": "10.0.0.0/24",
            "customer_owned_ipv4_pool": "",
            "enable_dns64": false,
            "enable_lni_at_device_index": 0,
            "enable_resource_name_dns_a_record_on_launch": false,
            "enable_resource_name_dns_aaaa_record_on_launch": false,
            "id": "subnet-0d71b218e233c2026",
            "ipv6_cidr_block": "",
            "ipv6_cidr_block_association_id": "",
            "ipv6_native": false,
            "map_customer_owned_ip_on_launch": false,
            "map_public_ip_on_launch": true,
            "outpost_arn": "",
            "owner_id": "014498645423",
            "private_dns_hostname_type_on_launch": "ip-name",
            "tags": {
              "Name": "DigitalBoost-Public-Subnet-0",
              "Tier": "public"
            },
            "tags_all": {
              "Name": "DigitalBoost-Public-Subnet-0",
              "Tier": "public"
            },
            "timeouts": null,
            "vpc_id": "vpc-09be576fc0bce59a1"
          },
          "sensitive_attributes": [],
          "private": "eyJlMmJmYjczMC1lY2FhLTExZTYtOGY4OC0zNDM2M2JjN2M0YzAiOnsiY3JlYXRlIjo2MDAwMDAwMDAwMDAsImRlbGV0ZSI6MTIwMDAwMDAwMDAwMH0sInNjaGVtYV92ZXJzaW9uIjoiMSJ9",
          "dependencies": [
            "module.vpc.aws_vpc.main",
            "module.vpc.data.aws_availability_zones.AZs"
          ]
        },
        {
          "index_key": 1,
          "schema_version": 1,
          "attributes": {
            "arn": "arn:aws:ec2:us-east-1:014498645423:subnet/subnet-0cf4e9a0644061a7c",
            "assign_ipv6_address_on_creation": false,
            "availability_zone": "us-east-1b",
            "availability_zone_id": "use1-az4",
            "cidr_block": "10.0.1.0/24",
            "customer_owned_ipv4_pool": "",
            "enable_dns64": false,
            "enable_lni_at_device_index": 0,
            "enable_resource_name_dns_a_record_on_launch": false,
            "enable_resource_name_dns_aaaa_record_on_launch": false,
            "id": "subnet-0cf4e9a0644061a7c",
            "ipv6_cidr_block": "",
            "ipv6_cidr_block_association_id": "",
            "ipv6_native": false,
            "map_customer_owned_ip_on_launch": false,
            "map_public_ip_on_launch": true,
            "outpost_arn": "",
            "owner_id": "014498645423",
            "private_dns_hostname_type_on_launch": "ip-name",
            "tags": {
              "Name": "DigitalBoost-Public-Subnet-1",
              "Tier": "public"
            },
            "tags_all": {
              "Name": "DigitalBoost-Public-Subnet-1",
              "Tier": "public"
            },
            "timeouts": null,
            "vpc_id": "vpc-09be576fc0bce59a1"
          },
          "sensitive_attributes": [],
          "private": "eyJlMmJmYjczMC1lY2FhLTExZTYtOGY4OC0zNDM2M2JjN2M0YzAiOnsiY3JlYXRlIjo2MDAwMDAwMDAwMDAsImRlbGV0ZSI6MTIwMDAwMDAwMDAwMH0sInNjaGVtYV92ZXJzaW9uIjoiMSJ9",
          "dependencies": [
            "module.vpc.aws_vpc.main",
            "module.vpc.data.aws_availability_zones.AZs"
          ]
        }
      ]
    },
    {
      "module": "module.vpc",
      "mode": "managed",
      "type": "aws_vpc",
      "name": "main",
      "provider": "provider[\"registry.terraform.io/hashicorp/aws\"]",
      "instances": [
        {
          "schema_version": 1,
          "attributes": {
            "arn": "arn:aws:ec2:us-east-1:014498645423:vpc/vpc-09be576fc0bce59a1",
            "assign_generated_ipv6_cidr_block": false,
            "cidr_block": "10.0.0.0/16",
            "default_network_acl_id": "acl-07163186121cad662",
            "default_route_table_id": "rtb-06e1e43582776b9c0",
            "default_security_group_id": "sg-0d41a39d3c5b2895f",
            "dhcp_options_id": "dopt-0c609c40fe2272c0e",
            "enable_dns_hostnames": true,
            "enable_dns_support": true,
            "enable_network_address_usage_metrics": false,
            "id": "vpc-09be576fc0bce59a1",
            "instance_tenancy": "default",
            "ipv4_ipam_pool_id": null,
            "ipv4_netmask_length": null,
            "ipv6_association_id": "",
            "ipv6_cidr_block": "",
            "ipv6_cidr_block_network_border_group": "",
            "ipv6_ipam_pool_id": "",
            "ipv6_netmask_length": 0,
            "main_route_table_id": "rtb-06e1e43582776b9c0",
            "owner_id": "014498645423",
            "tags": {
              "Name": "DigitalBoost-WordPress-VPC"
            },
            "tags_all": {
              "Name": "DigitalBoost-WordPress-VPC"
            }
          },
          "sensitive_attributes": [],
          "private": "eyJzY2hlbWFfdmVyc2lvbiI6IjEifQ=="
        }
      ]
    }
  ],
  "check_results": null
}
